<?xml version="1.0" encoding="UTF-8"?>
<Scheme
   LastUpgradeVersion = "1010"
   version = "1.3">
   <BuildAction
      parallelizeBuildables = "YES"
      buildImplicitDependencies = "YES">
      <BuildActionEntries>
         <BuildActionEntry
            buildForTesting = "YES"
            buildForRunning = "YES"
            buildForProfiling = "YES"
            buildForArchiving = "YES"
            buildForAnalyzing = "YES">
            <BuildableReference
               BuildableIdentifier = "primary"
               BlueprintIdentifier = "FA4ED99A21C1499200A065A1"
               BuildableName = "OktaAuth.framework"
               BlueprintName = "OktaAuth iOS"
               ReferencedContainer = "container:OktaAuth.xcodeproj">
            </BuildableReference>
         </BuildActionEntry>
      </BuildActionEntries>
   </BuildAction>
   <TestAction
      buildConfiguration = "Debug"
      selectedDebuggerIdentifier = "Xcode.DebuggerFoundation.Debugger.LLDB"
      selectedLauncherIdentifier = "Xcode.DebuggerFoundation.Launcher.LLDB"
      shouldUseLaunchSchemeArgsEnv = "NO">
      <Testables>
         <TestableReference
            skipped = "NO">
            <BuildableReference
               BuildableIdentifier = "primary"
               BlueprintIdentifier = "FA500E4421C7FCD800444B1D"
               BuildableName = "OktaAuth iOS Tests.xctest"
               BlueprintName = "OktaAuth iOS Tests"
               ReferencedContainer = "container:OktaAuth.xcodeproj">
            </BuildableReference>
         </TestableReference>
         <TestableReference
            skipped = "NO">
            <BuildableReference
               BuildableIdentifier = "primary"
               BlueprintIdentifier = "2FF5C86321D3BA1900EECA75"
               BuildableName = "OktaAuth iOS Integration Tests.xctest"
               BlueprintName = "OktaAuth iOS Integration Tests"
               ReferencedContainer = "container:OktaAuth.xcodeproj">
            </BuildableReference>
         </TestableReference>
      </Testables>
      <MacroExpansion>
         <BuildableReference
            BuildableIdentifier = "primary"
            BlueprintIdentifier = "FA4ED99A21C1499200A065A1"
            BuildableName = "OktaAuth.framework"
            BlueprintName = "OktaAuth iOS"
            ReferencedContainer = "container:OktaAuth.xcodeproj">
         </BuildableReference>
      </MacroExpansion>
      <EnvironmentVariables>
         <EnvironmentVariable
            key = "DOMAIN_URL"
            value = "{test domeain url}"
            isEnabled = "YES">
         </EnvironmentVariable>
         <EnvironmentVariable
            key = "USERNAME"
            value = "{test username}"
            isEnabled = "YES">
         </EnvironmentVariable>
         <EnvironmentVariable
            key = "PASSWORD"
            value = "{test password}"
            isEnabled = "YES">
         </EnvironmentVariable>
      </EnvironmentVariables>
      <AdditionalOptions>
      </AdditionalOptions>
   </TestAction>
   <LaunchAction
      buildConfiguration = "Debug"
      selectedDebuggerIdentifier = "Xcode.DebuggerFoundation.Debugger.LLDB"
      selectedLauncherIdentifier = "Xcode.DebuggerFoundation.Launcher.LLDB"
      launchStyle = "0"
      useCustomWorkingDirectory = "NO"
      ignoresPersistentStateOnLaunch = "NO"
      debugDocumentVersioning = "YES"
      debugServiceExtension = "internal"
      allowLocationSimulation = "YES">
      <MacroExpansion>
         <BuildableReference
            BuildableIdentifier = "primary"
            BlueprintIdentifier = "FA4ED99A21C1499200A065A1"
            BuildableName = "OktaAuth.framework"
            BlueprintName = "OktaAuth iOS"
            ReferencedContainer = "container:OktaAuth.xcodeproj">
         </BuildableReference>
      </MacroExpansion>
      <AdditionalOptions>
      </AdditionalOptions>
   </LaunchAction>
   <ProfileAction
      buildConfiguration = "Release"
      shouldUseLaunchSchemeArgsEnv = "YES"
      savedToolIdentifier = ""
      useCustomWorkingDirectory = "NO"
      debugDocumentVersioning = "YES">
      <MacroExpansion>
         <BuildableReference
            BuildableIdentifier = "primary"
            BlueprintIdentifier = "FA4ED99A21C1499200A065A1"
            BuildableName = "OktaAuth.framework"
            BlueprintName = "OktaAuth iOS"
            ReferencedContainer = "container:OktaAuth.xcodeproj">
         </BuildableReference>
      </MacroExpansion>
   </ProfileAction>
   <AnalyzeAction
      buildConfiguration = "Debug">
   </AnalyzeAction>
   <ArchiveAction
      buildConfiguration = "Release"
      revealArchiveInOrganizer = "YES">
   </ArchiveAction>
</Scheme>
