// !$*UTF8*$!
{
	archiveVersion = 1;
	classes = {
	};
	objectVersion = 50;
	objects = {

/* Begin PBXBuildFile section */
		2F8D79F421D6601600CFDF12 /* README.md in Resources */ = {isa = PBXBuildFile; fileRef = 2F8D79F321D6601600CFDF12 /* README.md */; };
		2F8D79F821E5FAE300CFDF12 /* OktaModelsTests.swift in Sources */ = {isa = PBXBuildFile; fileRef = 2F8D79F521E5FAD200CFDF12 /* OktaModelsTests.swift */; };
		2FF5C85221D1078E00EECA75 /* PrimaryAuthResponse in Resources */ = {isa = PBXBuildFile; fileRef = 2FF5C85121D1078E00EECA75 /* PrimaryAuthResponse */; };
		2FF5C85921D3A9E700EECA75 /* OperationNotAllowedError in Resources */ = {isa = PBXBuildFile; fileRef = 2FF5C85721D3A9E200EECA75 /* OperationNotAllowedError */; };
		2FF5C85C21D3B04D00EECA75 /* PrimaryAuthFactorsResponse in Resources */ = {isa = PBXBuildFile; fileRef = 2FF5C85A21D3AEEC00EECA75 /* PrimaryAuthFactorsResponse */; };
		2FF5C85E21D3B15000EECA75 /* AuthenticationFailedError in Resources */ = {isa = PBXBuildFile; fileRef = 2FF5C85D21D3B15000EECA75 /* AuthenticationFailedError */; };
		2FF5C86921D3BA1900EECA75 /* OktaAuthNative.framework in Frameworks */ = {isa = PBXBuildFile; fileRef = FA4ED99B21C1499200A065A1 /* OktaAuthNative.framework */; };
		A12F4FD8223825DF00DB9147 /* AuthStatus.swift in Sources */ = {isa = PBXBuildFile; fileRef = A12F4FD7223825DF00DB9147 /* AuthStatus.swift */; };
		A12F4FD9223825DF00DB9147 /* AuthStatus.swift in Sources */ = {isa = PBXBuildFile; fileRef = A12F4FD7223825DF00DB9147 /* AuthStatus.swift */; };
		A12F4FDA223825DF00DB9147 /* AuthStatus.swift in Sources */ = {isa = PBXBuildFile; fileRef = A12F4FD7223825DF00DB9147 /* AuthStatus.swift */; };
		A12F4FDC2238264C00DB9147 /* AuthStatusUnauthenticated.swift in Sources */ = {isa = PBXBuildFile; fileRef = A12F4FDB2238264C00DB9147 /* AuthStatusUnauthenticated.swift */; };
		A12F4FDD2238264C00DB9147 /* AuthStatusUnauthenticated.swift in Sources */ = {isa = PBXBuildFile; fileRef = A12F4FDB2238264C00DB9147 /* AuthStatusUnauthenticated.swift */; };
		A12F4FDE2238264C00DB9147 /* AuthStatusUnauthenticated.swift in Sources */ = {isa = PBXBuildFile; fileRef = A12F4FDB2238264C00DB9147 /* AuthStatusUnauthenticated.swift */; };
		A12F4FE02238267300DB9147 /* AuthStatusMFAEnroll.swift in Sources */ = {isa = PBXBuildFile; fileRef = A12F4FDF2238267300DB9147 /* AuthStatusMFAEnroll.swift */; };
		A12F4FE12238267300DB9147 /* AuthStatusMFAEnroll.swift in Sources */ = {isa = PBXBuildFile; fileRef = A12F4FDF2238267300DB9147 /* AuthStatusMFAEnroll.swift */; };
		A12F4FE22238267300DB9147 /* AuthStatusMFAEnroll.swift in Sources */ = {isa = PBXBuildFile; fileRef = A12F4FDF2238267300DB9147 /* AuthStatusMFAEnroll.swift */; };
		A12F4FE42238269C00DB9147 /* AuthStatusMFARequired.swift in Sources */ = {isa = PBXBuildFile; fileRef = A12F4FE32238269C00DB9147 /* AuthStatusMFARequired.swift */; };
		A12F4FE52238269C00DB9147 /* AuthStatusMFARequired.swift in Sources */ = {isa = PBXBuildFile; fileRef = A12F4FE32238269C00DB9147 /* AuthStatusMFARequired.swift */; };
		A12F4FE62238269C00DB9147 /* AuthStatusMFARequired.swift in Sources */ = {isa = PBXBuildFile; fileRef = A12F4FE32238269C00DB9147 /* AuthStatusMFARequired.swift */; };
		A12F4FE8223826B200DB9147 /* AuthStatusMFAChallenge.swift in Sources */ = {isa = PBXBuildFile; fileRef = A12F4FE7223826B200DB9147 /* AuthStatusMFAChallenge.swift */; };
		A12F4FE9223826B200DB9147 /* AuthStatusMFAChallenge.swift in Sources */ = {isa = PBXBuildFile; fileRef = A12F4FE7223826B200DB9147 /* AuthStatusMFAChallenge.swift */; };
		A12F4FEA223826B200DB9147 /* AuthStatusMFAChallenge.swift in Sources */ = {isa = PBXBuildFile; fileRef = A12F4FE7223826B200DB9147 /* AuthStatusMFAChallenge.swift */; };
		A12F4FEC223826CF00DB9147 /* AuthStatusLockedOut.swift in Sources */ = {isa = PBXBuildFile; fileRef = A12F4FEB223826CF00DB9147 /* AuthStatusLockedOut.swift */; };
		A12F4FED223826CF00DB9147 /* AuthStatusLockedOut.swift in Sources */ = {isa = PBXBuildFile; fileRef = A12F4FEB223826CF00DB9147 /* AuthStatusLockedOut.swift */; };
		A12F4FEE223826CF00DB9147 /* AuthStatusLockedOut.swift in Sources */ = {isa = PBXBuildFile; fileRef = A12F4FEB223826CF00DB9147 /* AuthStatusLockedOut.swift */; };
		A12F4FF02238276800DB9147 /* AuthStatusPasswordWarning.swift in Sources */ = {isa = PBXBuildFile; fileRef = A12F4FEF2238276800DB9147 /* AuthStatusPasswordWarning.swift */; };
		A12F4FF12238276800DB9147 /* AuthStatusPasswordWarning.swift in Sources */ = {isa = PBXBuildFile; fileRef = A12F4FEF2238276800DB9147 /* AuthStatusPasswordWarning.swift */; };
		A12F4FF22238276800DB9147 /* AuthStatusPasswordWarning.swift in Sources */ = {isa = PBXBuildFile; fileRef = A12F4FEF2238276800DB9147 /* AuthStatusPasswordWarning.swift */; };
		A12F4FF42238277900DB9147 /* AuthStatusPasswordExpired.swift in Sources */ = {isa = PBXBuildFile; fileRef = A12F4FF32238277900DB9147 /* AuthStatusPasswordExpired.swift */; };
		A12F4FF52238277900DB9147 /* AuthStatusPasswordExpired.swift in Sources */ = {isa = PBXBuildFile; fileRef = A12F4FF32238277900DB9147 /* AuthStatusPasswordExpired.swift */; };
		A12F4FF62238277900DB9147 /* AuthStatusPasswordExpired.swift in Sources */ = {isa = PBXBuildFile; fileRef = A12F4FF32238277900DB9147 /* AuthStatusPasswordExpired.swift */; };
		A12F4FF92238311A00DB9147 /* OktaAuthSdk.swift in Sources */ = {isa = PBXBuildFile; fileRef = A12F4FF82238311A00DB9147 /* OktaAuthSdk.swift */; };
		A12F4FFA2238311A00DB9147 /* OktaAuthSdk.swift in Sources */ = {isa = PBXBuildFile; fileRef = A12F4FF82238311A00DB9147 /* OktaAuthSdk.swift */; };
		A12F4FFB2238311A00DB9147 /* OktaAuthSdk.swift in Sources */ = {isa = PBXBuildFile; fileRef = A12F4FF82238311A00DB9147 /* OktaAuthSdk.swift */; };
		A179276D2229BDB90001C889 /* OktaAuthSdk.podspec in Resources */ = {isa = PBXBuildFile; fileRef = A179276C2229BDB90001C889 /* OktaAuthSdk.podspec */; };
		A1C06F0822120876005E8369 /* AuthenticationClientMFAHandlerVerifyer.swift in Sources */ = {isa = PBXBuildFile; fileRef = A1C06F0722120875005E8369 /* AuthenticationClientMFAHandlerVerifyer.swift */; };
		A1C06F0A2214E1CA005E8369 /* MFAWaitSmsChallenge in Resources */ = {isa = PBXBuildFile; fileRef = A1C06F092214E1C9005E8369 /* MFAWaitSmsChallenge */; };
		A1C06F14221DFFD8005E8369 /* PrimaryAuthExpiredPassword in Resources */ = {isa = PBXBuildFile; fileRef = A1C06F13221DFFD8005E8369 /* PrimaryAuthExpiredPassword */; };
		A1C06F16221E0037005E8369 /* PrimaryAuthWarnPassword in Resources */ = {isa = PBXBuildFile; fileRef = A1C06F15221E0037005E8369 /* PrimaryAuthWarnPassword */; };
		A1C06F18221E2DD7005E8369 /* MFAWaitPushChallenge in Resources */ = {isa = PBXBuildFile; fileRef = A1C06F17221E2DD7005E8369 /* MFAWaitPushChallenge */; };
		A1FCB128220908B70026F522 /* AuthenticationClientTests.swift in Sources */ = {isa = PBXBuildFile; fileRef = A1FCB127220908B70026F522 /* AuthenticationClientTests.swift */; };
		A1FCB12D220A43040026F522 /* AuthenticationClientDelegateVerifyer.swift in Sources */ = {isa = PBXBuildFile; fileRef = A1FCB12A220A419A0026F522 /* AuthenticationClientDelegateVerifyer.swift */; };
		A1FCB12F220A458F0026F522 /* OktaAPIMock.swift in Sources */ = {isa = PBXBuildFile; fileRef = A1FCB12E220A458F0026F522 /* OktaAPIMock.swift */; };
		A1FCB131220B93410026F522 /* TransactionCancellationSuccess in Resources */ = {isa = PBXBuildFile; fileRef = A1FCB130220B93410026F522 /* TransactionCancellationSuccess */; };
		F5A9BAD721F9C255002DB437 /* Types.swift in Sources */ = {isa = PBXBuildFile; fileRef = F5A9BAD621F9C255002DB437 /* Types.swift */; };
		F5CC2AD921D3C27700649C33 /* OktaAPIRequestTests.swift in Sources */ = {isa = PBXBuildFile; fileRef = F5CC2AD821D3C27700649C33 /* OktaAPIRequestTests.swift */; };
		F5CC2ADB21D5056D00649C33 /* OktaAPITests.swift in Sources */ = {isa = PBXBuildFile; fileRef = F5CC2ADA21D5056D00649C33 /* OktaAPITests.swift */; };
		FA42E2E821C9270400325723 /* AuthState.swift in Sources */ = {isa = PBXBuildFile; fileRef = FA42E2E721C9270400325723 /* AuthState.swift */; };
		FA42E2EB21C94C1C00325723 /* Utils.swift in Sources */ = {isa = PBXBuildFile; fileRef = FA42E2EA21C94C1C00325723 /* Utils.swift */; };
		FA4ED9A021C1499200A065A1 /* OktaAuth_iOS.h in Headers */ = {isa = PBXBuildFile; fileRef = FA4ED99E21C1499200A065A1 /* OktaAuth_iOS.h */; settings = {ATTRIBUTES = (Public, ); }; };
		FA4ED9A621C14A3E00A065A1 /* AuthenticationClient.swift in Sources */ = {isa = PBXBuildFile; fileRef = FA4ED9A521C14A3E00A065A1 /* AuthenticationClient.swift */; };
		FA4ED9A821C27F7000A065A1 /* OktaAPI.swift in Sources */ = {isa = PBXBuildFile; fileRef = FA4ED9A721C27F7000A065A1 /* OktaAPI.swift */; };
		FA4ED9AA21C2895B00A065A1 /* OktaError.swift in Sources */ = {isa = PBXBuildFile; fileRef = FA4ED9A921C2895B00A065A1 /* OktaError.swift */; };
		FA500E4A21C7FCD800444B1D /* OktaAuthNative.framework in Frameworks */ = {isa = PBXBuildFile; fileRef = FA4ED99B21C1499200A065A1 /* OktaAuthNative.framework */; };
		FAD6FC4F21C29784009729B6 /* OktaAPIRequest.swift in Sources */ = {isa = PBXBuildFile; fileRef = FAD6FC4E21C29784009729B6 /* OktaAPIRequest.swift */; };
		FAD6FC5121C2B4E4009729B6 /* OktaModels.swift in Sources */ = {isa = PBXBuildFile; fileRef = FAD6FC5021C2B4E4009729B6 /* OktaModels.swift */; };
/* End PBXBuildFile section */

/* Begin PBXContainerItemProxy section */
		2FF5C86A21D3BA1900EECA75 /* PBXContainerItemProxy */ = {
			isa = PBXContainerItemProxy;
			containerPortal = FA4ED99021C1489900A065A1 /* Project object */;
			proxyType = 1;
			remoteGlobalIDString = FA4ED99A21C1499200A065A1;
			remoteInfo = "OktaAuth iOS";
		};
		FA500E4B21C7FCD800444B1D /* PBXContainerItemProxy */ = {
			isa = PBXContainerItemProxy;
			containerPortal = FA4ED99021C1489900A065A1 /* Project object */;
			proxyType = 1;
			remoteGlobalIDString = FA4ED99A21C1499200A065A1;
			remoteInfo = "OktaAuth iOS";
		};
/* End PBXContainerItemProxy section */

/* Begin PBXFileReference section */
		2F8D79F321D6601600CFDF12 /* README.md */ = {isa = PBXFileReference; fileEncoding = 4; lastKnownFileType = net.daringfireball.markdown; path = README.md; sourceTree = "<group>"; };
		2F8D79F521E5FAD200CFDF12 /* OktaModelsTests.swift */ = {isa = PBXFileReference; fileEncoding = 4; lastKnownFileType = sourcecode.swift; path = OktaModelsTests.swift; sourceTree = "<group>"; };
		2FF5C85121D1078E00EECA75 /* PrimaryAuthResponse */ = {isa = PBXFileReference; explicitFileType = text.json; path = PrimaryAuthResponse; sourceTree = "<group>"; };
		2FF5C85721D3A9E200EECA75 /* OperationNotAllowedError */ = {isa = PBXFileReference; explicitFileType = text.json; path = OperationNotAllowedError; sourceTree = "<group>"; };
		2FF5C85A21D3AEEC00EECA75 /* PrimaryAuthFactorsResponse */ = {isa = PBXFileReference; explicitFileType = text.json; path = PrimaryAuthFactorsResponse; sourceTree = "<group>"; };
		2FF5C85D21D3B15000EECA75 /* AuthenticationFailedError */ = {isa = PBXFileReference; lastKnownFileType = text; path = AuthenticationFailedError; sourceTree = "<group>"; };
		2FF5C86421D3BA1900EECA75 /* OktaAuthNative iOS Integration Tests.xctest */ = {isa = PBXFileReference; explicitFileType = wrapper.cfbundle; includeInIndex = 0; path = "OktaAuthNative iOS Integration Tests.xctest"; sourceTree = BUILT_PRODUCTS_DIR; };
		A12F4FD7223825DF00DB9147 /* AuthStatus.swift */ = {isa = PBXFileReference; lastKnownFileType = sourcecode.swift; path = AuthStatus.swift; sourceTree = "<group>"; };
		A12F4FDB2238264C00DB9147 /* AuthStatusUnauthenticated.swift */ = {isa = PBXFileReference; lastKnownFileType = sourcecode.swift; path = AuthStatusUnauthenticated.swift; sourceTree = "<group>"; };
		A12F4FDF2238267300DB9147 /* AuthStatusMFAEnroll.swift */ = {isa = PBXFileReference; lastKnownFileType = sourcecode.swift; path = AuthStatusMFAEnroll.swift; sourceTree = "<group>"; };
		A12F4FE32238269C00DB9147 /* AuthStatusMFARequired.swift */ = {isa = PBXFileReference; lastKnownFileType = sourcecode.swift; path = AuthStatusMFARequired.swift; sourceTree = "<group>"; };
		A12F4FE7223826B200DB9147 /* AuthStatusMFAChallenge.swift */ = {isa = PBXFileReference; lastKnownFileType = sourcecode.swift; path = AuthStatusMFAChallenge.swift; sourceTree = "<group>"; };
		A12F4FEB223826CF00DB9147 /* AuthStatusLockedOut.swift */ = {isa = PBXFileReference; lastKnownFileType = sourcecode.swift; path = AuthStatusLockedOut.swift; sourceTree = "<group>"; };
		A12F4FEF2238276800DB9147 /* AuthStatusPasswordWarning.swift */ = {isa = PBXFileReference; lastKnownFileType = sourcecode.swift; path = AuthStatusPasswordWarning.swift; sourceTree = "<group>"; };
		A12F4FF32238277900DB9147 /* AuthStatusPasswordExpired.swift */ = {isa = PBXFileReference; lastKnownFileType = sourcecode.swift; path = AuthStatusPasswordExpired.swift; sourceTree = "<group>"; };
		A12F4FF82238311A00DB9147 /* OktaAuthSdk.swift */ = {isa = PBXFileReference; lastKnownFileType = sourcecode.swift; path = OktaAuthSdk.swift; sourceTree = "<group>"; };
		A179276C2229BDB90001C889 /* OktaAuthSdk.podspec */ = {isa = PBXFileReference; fileEncoding = 4; lastKnownFileType = text; path = OktaAuthSdk.podspec; sourceTree = "<group>"; };
		A1C06F0722120875005E8369 /* AuthenticationClientMFAHandlerVerifyer.swift */ = {isa = PBXFileReference; lastKnownFileType = sourcecode.swift; path = AuthenticationClientMFAHandlerVerifyer.swift; sourceTree = "<group>"; };
		A1C06F092214E1C9005E8369 /* MFAWaitSmsChallenge */ = {isa = PBXFileReference; fileEncoding = 4; lastKnownFileType = text; path = MFAWaitSmsChallenge; sourceTree = "<group>"; };
		A1C06F13221DFFD8005E8369 /* PrimaryAuthExpiredPassword */ = {isa = PBXFileReference; fileEncoding = 4; lastKnownFileType = text; path = PrimaryAuthExpiredPassword; sourceTree = "<group>"; };
		A1C06F15221E0037005E8369 /* PrimaryAuthWarnPassword */ = {isa = PBXFileReference; fileEncoding = 4; lastKnownFileType = text; path = PrimaryAuthWarnPassword; sourceTree = "<group>"; };
		A1C06F17221E2DD7005E8369 /* MFAWaitPushChallenge */ = {isa = PBXFileReference; fileEncoding = 4; lastKnownFileType = text; path = MFAWaitPushChallenge; sourceTree = "<group>"; };
		A1FCB127220908B70026F522 /* AuthenticationClientTests.swift */ = {isa = PBXFileReference; lastKnownFileType = sourcecode.swift; path = AuthenticationClientTests.swift; sourceTree = "<group>"; };
		A1FCB12A220A419A0026F522 /* AuthenticationClientDelegateVerifyer.swift */ = {isa = PBXFileReference; lastKnownFileType = sourcecode.swift; path = AuthenticationClientDelegateVerifyer.swift; sourceTree = "<group>"; };
		A1FCB12E220A458F0026F522 /* OktaAPIMock.swift */ = {isa = PBXFileReference; lastKnownFileType = sourcecode.swift; path = OktaAPIMock.swift; sourceTree = "<group>"; };
		A1FCB130220B93410026F522 /* TransactionCancellationSuccess */ = {isa = PBXFileReference; fileEncoding = 4; lastKnownFileType = text; path = TransactionCancellationSuccess; sourceTree = "<group>"; };
		F5A9BAD621F9C255002DB437 /* Types.swift */ = {isa = PBXFileReference; lastKnownFileType = sourcecode.swift; path = Types.swift; sourceTree = "<group>"; };
		F5CC2AD821D3C27700649C33 /* OktaAPIRequestTests.swift */ = {isa = PBXFileReference; lastKnownFileType = sourcecode.swift; path = OktaAPIRequestTests.swift; sourceTree = "<group>"; };
		F5CC2ADA21D5056D00649C33 /* OktaAPITests.swift */ = {isa = PBXFileReference; lastKnownFileType = sourcecode.swift; path = OktaAPITests.swift; sourceTree = "<group>"; };
		FA42E2E721C9270400325723 /* AuthState.swift */ = {isa = PBXFileReference; lastKnownFileType = sourcecode.swift; path = AuthState.swift; sourceTree = "<group>"; };
		FA42E2EA21C94C1C00325723 /* Utils.swift */ = {isa = PBXFileReference; lastKnownFileType = sourcecode.swift; path = Utils.swift; sourceTree = "<group>"; };
		FA4ED99B21C1499200A065A1 /* OktaAuthNative.framework */ = {isa = PBXFileReference; explicitFileType = wrapper.framework; includeInIndex = 0; path = OktaAuthNative.framework; sourceTree = BUILT_PRODUCTS_DIR; };
		FA4ED99E21C1499200A065A1 /* OktaAuth_iOS.h */ = {isa = PBXFileReference; lastKnownFileType = sourcecode.c.h; path = OktaAuth_iOS.h; sourceTree = "<group>"; };
		FA4ED99F21C1499200A065A1 /* Info.plist */ = {isa = PBXFileReference; lastKnownFileType = text.plist.xml; path = Info.plist; sourceTree = "<group>"; };
		FA4ED9A521C14A3E00A065A1 /* AuthenticationClient.swift */ = {isa = PBXFileReference; lastKnownFileType = sourcecode.swift; path = AuthenticationClient.swift; sourceTree = "<group>"; };
		FA4ED9A721C27F7000A065A1 /* OktaAPI.swift */ = {isa = PBXFileReference; lastKnownFileType = sourcecode.swift; path = OktaAPI.swift; sourceTree = "<group>"; };
		FA4ED9A921C2895B00A065A1 /* OktaError.swift */ = {isa = PBXFileReference; lastKnownFileType = sourcecode.swift; path = OktaError.swift; sourceTree = "<group>"; };
		FA500E4521C7FCD800444B1D /* OktaAuthNative iOS Tests.xctest */ = {isa = PBXFileReference; explicitFileType = wrapper.cfbundle; includeInIndex = 0; path = "OktaAuthNative iOS Tests.xctest"; sourceTree = BUILT_PRODUCTS_DIR; };
		FA500E4921C7FCD800444B1D /* Info.plist */ = {isa = PBXFileReference; lastKnownFileType = text.plist.xml; path = Info.plist; sourceTree = "<group>"; };
		FAD6FC4E21C29784009729B6 /* OktaAPIRequest.swift */ = {isa = PBXFileReference; lastKnownFileType = sourcecode.swift; path = OktaAPIRequest.swift; sourceTree = "<group>"; };
		FAD6FC5021C2B4E4009729B6 /* OktaModels.swift */ = {isa = PBXFileReference; lastKnownFileType = sourcecode.swift; path = OktaModels.swift; sourceTree = "<group>"; };
/* End PBXFileReference section */

/* Begin PBXFrameworksBuildPhase section */
		2FF5C86121D3BA1900EECA75 /* Frameworks */ = {
			isa = PBXFrameworksBuildPhase;
			buildActionMask = 2147483647;
			files = (
				2FF5C86921D3BA1900EECA75 /* OktaAuthNative.framework in Frameworks */,
			);
			runOnlyForDeploymentPostprocessing = 0;
		};
		FA4ED99821C1499200A065A1 /* Frameworks */ = {
			isa = PBXFrameworksBuildPhase;
			buildActionMask = 2147483647;
			files = (
			);
			runOnlyForDeploymentPostprocessing = 0;
		};
		FA500E4221C7FCD800444B1D /* Frameworks */ = {
			isa = PBXFrameworksBuildPhase;
			buildActionMask = 2147483647;
			files = (
				FA500E4A21C7FCD800444B1D /* OktaAuthNative.framework in Frameworks */,
			);
			runOnlyForDeploymentPostprocessing = 0;
		};
/* End PBXFrameworksBuildPhase section */

/* Begin PBXGroup section */
		2FF5C85021D1076100EECA75 /* Resources */ = {
			isa = PBXGroup;
			children = (
				A1C06F17221E2DD7005E8369 /* MFAWaitPushChallenge */,
				A1C06F15221E0037005E8369 /* PrimaryAuthWarnPassword */,
				A1C06F13221DFFD8005E8369 /* PrimaryAuthExpiredPassword */,
				A1C06F092214E1C9005E8369 /* MFAWaitSmsChallenge */,
				A1FCB130220B93410026F522 /* TransactionCancellationSuccess */,
				2FF5C85121D1078E00EECA75 /* PrimaryAuthResponse */,
				2FF5C85A21D3AEEC00EECA75 /* PrimaryAuthFactorsResponse */,
				2FF5C85721D3A9E200EECA75 /* OperationNotAllowedError */,
				2FF5C85D21D3B15000EECA75 /* AuthenticationFailedError */,
			);
			path = Resources;
			sourceTree = "<group>";
		};
		A12F4FD62238259600DB9147 /* StatusObjects */ = {
			isa = PBXGroup;
			children = (
				A12F4FD7223825DF00DB9147 /* AuthStatus.swift */,
				A12F4FDB2238264C00DB9147 /* AuthStatusUnauthenticated.swift */,
				A12F4FDF2238267300DB9147 /* AuthStatusMFAEnroll.swift */,
				A12F4FE32238269C00DB9147 /* AuthStatusMFARequired.swift */,
				A12F4FE7223826B200DB9147 /* AuthStatusMFAChallenge.swift */,
				A12F4FEB223826CF00DB9147 /* AuthStatusLockedOut.swift */,
				A12F4FEF2238276800DB9147 /* AuthStatusPasswordWarning.swift */,
				A12F4FF32238277900DB9147 /* AuthStatusPasswordExpired.swift */,
			);
			name = StatusObjects;
			sourceTree = "<group>";
		};
		A12F4FF7223830F500DB9147 /* API */ = {
			isa = PBXGroup;
			children = (
				A12F4FF82238311A00DB9147 /* OktaAuthSdk.swift */,
			);
			name = API;
			sourceTree = "<group>";
		};
		A1FCB129220A416F0026F522 /* Mocks */ = {
			isa = PBXGroup;
			children = (
				A1FCB12A220A419A0026F522 /* AuthenticationClientDelegateVerifyer.swift */,
				A1FCB12E220A458F0026F522 /* OktaAPIMock.swift */,
				A1C06F0722120875005E8369 /* AuthenticationClientMFAHandlerVerifyer.swift */,
			);
			path = Mocks;
			sourceTree = "<group>";
		};
		FA4ED98F21C1489900A065A1 = {
			isa = PBXGroup;
			children = (
				2F8D79F321D6601600CFDF12 /* README.md */,
				A179276C2229BDB90001C889 /* OktaAuthSdk.podspec */,
				FA4ED9A421C149FC00A065A1 /* Source */,
				FA500E4621C7FCD800444B1D /* Tests */,
				FA4ED99C21C1499200A065A1 /* Products */,
			);
			sourceTree = "<group>";
		};
		FA4ED99C21C1499200A065A1 /* Products */ = {
			isa = PBXGroup;
			children = (
				FA4ED99B21C1499200A065A1 /* OktaAuthNative.framework */,
				FA500E4521C7FCD800444B1D /* OktaAuthNative iOS Tests.xctest */,
				2FF5C86421D3BA1900EECA75 /* OktaAuthNative iOS Integration Tests.xctest */,
			);
			name = Products;
			sourceTree = "<group>";
		};
		FA4ED9A421C149FC00A065A1 /* Source */ = {
			isa = PBXGroup;
			children = (
				A12F4FF7223830F500DB9147 /* API */,
				A12F4FD62238259600DB9147 /* StatusObjects */,
				FA4ED9A521C14A3E00A065A1 /* AuthenticationClient.swift */,
				FA4ED9A721C27F7000A065A1 /* OktaAPI.swift */,
				FAD6FC4E21C29784009729B6 /* OktaAPIRequest.swift */,
				FA4ED9A921C2895B00A065A1 /* OktaError.swift */,
				FAD6FC5021C2B4E4009729B6 /* OktaModels.swift */,
				FA42E2E721C9270400325723 /* AuthState.swift */,
				F5A9BAD621F9C255002DB437 /* Types.swift */,
				FA42E2EA21C94C1C00325723 /* Utils.swift */,
				FAC5AEDA21C7F6F000C3DC91 /* Supporting Files */,
			);
			path = Source;
			sourceTree = "<group>";
		};
		FA500E4621C7FCD800444B1D /* Tests */ = {
			isa = PBXGroup;
			children = (
				A1FCB129220A416F0026F522 /* Mocks */,
				2FF5C85021D1076100EECA75 /* Resources */,
				F5CC2AD821D3C27700649C33 /* OktaAPIRequestTests.swift */,
				F5CC2ADA21D5056D00649C33 /* OktaAPITests.swift */,
				2F8D79F521E5FAD200CFDF12 /* OktaModelsTests.swift */,
				A1FCB127220908B70026F522 /* AuthenticationClientTests.swift */,
				FA500E4921C7FCD800444B1D /* Info.plist */,
			);
			path = Tests;
			sourceTree = "<group>";
		};
		FAC5AEDA21C7F6F000C3DC91 /* Supporting Files */ = {
			isa = PBXGroup;
			children = (
				FA4ED99E21C1499200A065A1 /* OktaAuth_iOS.h */,
				FA4ED99F21C1499200A065A1 /* Info.plist */,
			);
			name = "Supporting Files";
			sourceTree = "<group>";
		};
/* End PBXGroup section */

/* Begin PBXHeadersBuildPhase section */
		FA4ED99621C1499200A065A1 /* Headers */ = {
			isa = PBXHeadersBuildPhase;
			buildActionMask = 2147483647;
			files = (
				FA4ED9A021C1499200A065A1 /* OktaAuth_iOS.h in Headers */,
			);
			runOnlyForDeploymentPostprocessing = 0;
		};
/* End PBXHeadersBuildPhase section */

/* Begin PBXNativeTarget section */
		2FF5C86321D3BA1900EECA75 /* OktaAuthNative iOS Integration Tests */ = {
			isa = PBXNativeTarget;
			buildConfigurationList = 2FF5C86C21D3BA1900EECA75 /* Build configuration list for PBXNativeTarget "OktaAuthNative iOS Integration Tests" */;
			buildPhases = (
				2FF5C86021D3BA1900EECA75 /* Sources */,
				2FF5C86121D3BA1900EECA75 /* Frameworks */,
				2FF5C86221D3BA1900EECA75 /* Resources */,
			);
			buildRules = (
			);
			dependencies = (
				2FF5C86B21D3BA1900EECA75 /* PBXTargetDependency */,
			);
			name = "OktaAuthNative iOS Integration Tests";
			productName = "OktaAuth iOS Integration Tests";
			productReference = 2FF5C86421D3BA1900EECA75 /* OktaAuthNative iOS Integration Tests.xctest */;
			productType = "com.apple.product-type.bundle.unit-test";
		};
		FA4ED99A21C1499200A065A1 /* OktaAuthNative iOS */ = {
			isa = PBXNativeTarget;
			buildConfigurationList = FA4ED9A121C1499200A065A1 /* Build configuration list for PBXNativeTarget "OktaAuthNative iOS" */;
			buildPhases = (
				FA4ED99621C1499200A065A1 /* Headers */,
				FA4ED99721C1499200A065A1 /* Sources */,
				FA4ED99821C1499200A065A1 /* Frameworks */,
				FA4ED99921C1499200A065A1 /* Resources */,
			);
			buildRules = (
			);
			dependencies = (
			);
			name = "OktaAuthNative iOS";
			productName = "OktaAuth iOS";
			productReference = FA4ED99B21C1499200A065A1 /* OktaAuthNative.framework */;
			productType = "com.apple.product-type.framework";
		};
		FA500E4421C7FCD800444B1D /* OktaAuthNative iOS Tests */ = {
			isa = PBXNativeTarget;
			buildConfigurationList = FA500E4D21C7FCD800444B1D /* Build configuration list for PBXNativeTarget "OktaAuthNative iOS Tests" */;
			buildPhases = (
				FA500E4121C7FCD800444B1D /* Sources */,
				FA500E4221C7FCD800444B1D /* Frameworks */,
				FA500E4321C7FCD800444B1D /* Resources */,
			);
			buildRules = (
			);
			dependencies = (
				FA500E4C21C7FCD800444B1D /* PBXTargetDependency */,
			);
			name = "OktaAuthNative iOS Tests";
			productName = "OktaAuth iOS Tests";
			productReference = FA500E4521C7FCD800444B1D /* OktaAuthNative iOS Tests.xctest */;
			productType = "com.apple.product-type.bundle.unit-test";
		};
/* End PBXNativeTarget section */

/* Begin PBXProject section */
		FA4ED99021C1489900A065A1 /* Project object */ = {
			isa = PBXProject;
			attributes = {
				LastSwiftUpdateCheck = 1010;
				LastUpgradeCheck = 1010;
				TargetAttributes = {
					2FF5C86321D3BA1900EECA75 = {
						CreatedOnToolsVersion = 10.1;
						LastSwiftMigration = 1010;
					};
					FA4ED99A21C1499200A065A1 = {
						CreatedOnToolsVersion = 10.1;
						LastSwiftMigration = 1010;
					};
					FA500E4421C7FCD800444B1D = {
						CreatedOnToolsVersion = 10.1;
					};
				};
			};
			buildConfigurationList = FA4ED99321C1489900A065A1 /* Build configuration list for PBXProject "OktaAuthNative" */;
			compatibilityVersion = "Xcode 9.3";
			developmentRegion = en;
			hasScannedForEncodings = 0;
			knownRegions = (
				en,
				Base,
			);
			mainGroup = FA4ED98F21C1489900A065A1;
			productRefGroup = FA4ED99C21C1499200A065A1 /* Products */;
			projectDirPath = "";
			projectRoot = "";
			targets = (
				FA4ED99A21C1499200A065A1 /* OktaAuthNative iOS */,
				FA500E4421C7FCD800444B1D /* OktaAuthNative iOS Tests */,
				2FF5C86321D3BA1900EECA75 /* OktaAuthNative iOS Integration Tests */,
			);
		};
/* End PBXProject section */

/* Begin PBXResourcesBuildPhase section */
		2FF5C86221D3BA1900EECA75 /* Resources */ = {
			isa = PBXResourcesBuildPhase;
			buildActionMask = 2147483647;
			files = (
			);
			runOnlyForDeploymentPostprocessing = 0;
		};
		FA4ED99921C1499200A065A1 /* Resources */ = {
			isa = PBXResourcesBuildPhase;
			buildActionMask = 2147483647;
			files = (
				A179276D2229BDB90001C889 /* OktaAuthSdk.podspec in Resources */,
				2F8D79F421D6601600CFDF12 /* README.md in Resources */,
			);
			runOnlyForDeploymentPostprocessing = 0;
		};
		FA500E4321C7FCD800444B1D /* Resources */ = {
			isa = PBXResourcesBuildPhase;
			buildActionMask = 2147483647;
			files = (
				A1C06F16221E0037005E8369 /* PrimaryAuthWarnPassword in Resources */,
				A1C06F14221DFFD8005E8369 /* PrimaryAuthExpiredPassword in Resources */,
				A1FCB131220B93410026F522 /* TransactionCancellationSuccess in Resources */,
				2FF5C85C21D3B04D00EECA75 /* PrimaryAuthFactorsResponse in Resources */,
				A1C06F18221E2DD7005E8369 /* MFAWaitPushChallenge in Resources */,
				2FF5C85E21D3B15000EECA75 /* AuthenticationFailedError in Resources */,
				2FF5C85921D3A9E700EECA75 /* OperationNotAllowedError in Resources */,
				A1C06F0A2214E1CA005E8369 /* MFAWaitSmsChallenge in Resources */,
				2FF5C85221D1078E00EECA75 /* PrimaryAuthResponse in Resources */,
			);
			runOnlyForDeploymentPostprocessing = 0;
		};
/* End PBXResourcesBuildPhase section */

/* Begin PBXSourcesBuildPhase section */
		2FF5C86021D3BA1900EECA75 /* Sources */ = {
			isa = PBXSourcesBuildPhase;
			buildActionMask = 2147483647;
			files = (
				A12F4FEE223826CF00DB9147 /* AuthStatusLockedOut.swift in Sources */,
				A12F4FEA223826B200DB9147 /* AuthStatusMFAChallenge.swift in Sources */,
				A12F4FDE2238264C00DB9147 /* AuthStatusUnauthenticated.swift in Sources */,
				A12F4FE62238269C00DB9147 /* AuthStatusMFARequired.swift in Sources */,
				A12F4FF62238277900DB9147 /* AuthStatusPasswordExpired.swift in Sources */,
				A12F4FDA223825DF00DB9147 /* AuthStatus.swift in Sources */,
				A12F4FFB2238311A00DB9147 /* OktaAuthSdk.swift in Sources */,
				A12F4FE22238267300DB9147 /* AuthStatusMFAEnroll.swift in Sources */,
				A12F4FF22238276800DB9147 /* AuthStatusPasswordWarning.swift in Sources */,
			);
			runOnlyForDeploymentPostprocessing = 0;
		};
		FA4ED99721C1499200A065A1 /* Sources */ = {
			isa = PBXSourcesBuildPhase;
			buildActionMask = 2147483647;
			files = (
				FA4ED9AA21C2895B00A065A1 /* OktaError.swift in Sources */,
				FA42E2E821C9270400325723 /* AuthState.swift in Sources */,
				A12F4FEC223826CF00DB9147 /* AuthStatusLockedOut.swift in Sources */,
				FAD6FC5121C2B4E4009729B6 /* OktaModels.swift in Sources */,
				A12F4FF42238277900DB9147 /* AuthStatusPasswordExpired.swift in Sources */,
				A12F4FF02238276800DB9147 /* AuthStatusPasswordWarning.swift in Sources */,
				F5A9BAD721F9C255002DB437 /* Types.swift in Sources */,
				FA42E2EB21C94C1C00325723 /* Utils.swift in Sources */,
				FAD6FC4F21C29784009729B6 /* OktaAPIRequest.swift in Sources */,
				A12F4FDC2238264C00DB9147 /* AuthStatusUnauthenticated.swift in Sources */,
				FA4ED9A621C14A3E00A065A1 /* AuthenticationClient.swift in Sources */,
				A12F4FD8223825DF00DB9147 /* AuthStatus.swift in Sources */,
				A12F4FE8223826B200DB9147 /* AuthStatusMFAChallenge.swift in Sources */,
				A12F4FF92238311A00DB9147 /* OktaAuthSdk.swift in Sources */,
				A12F4FE42238269C00DB9147 /* AuthStatusMFARequired.swift in Sources */,
				FA4ED9A821C27F7000A065A1 /* OktaAPI.swift in Sources */,
				A12F4FE02238267300DB9147 /* AuthStatusMFAEnroll.swift in Sources */,
			);
			runOnlyForDeploymentPostprocessing = 0;
		};
		FA500E4121C7FCD800444B1D /* Sources */ = {
			isa = PBXSourcesBuildPhase;
			buildActionMask = 2147483647;
			files = (
				A12F4FE12238267300DB9147 /* AuthStatusMFAEnroll.swift in Sources */,
				A1FCB12D220A43040026F522 /* AuthenticationClientDelegateVerifyer.swift in Sources */,
				A12F4FDD2238264C00DB9147 /* AuthStatusUnauthenticated.swift in Sources */,
				A1FCB12F220A458F0026F522 /* OktaAPIMock.swift in Sources */,
				A12F4FE9223826B200DB9147 /* AuthStatusMFAChallenge.swift in Sources */,
				A1FCB128220908B70026F522 /* AuthenticationClientTests.swift in Sources */,
				2F8D79F821E5FAE300CFDF12 /* OktaModelsTests.swift in Sources */,
				F5CC2AD921D3C27700649C33 /* OktaAPIRequestTests.swift in Sources */,
				A12F4FD9223825DF00DB9147 /* AuthStatus.swift in Sources */,
				A12F4FED223826CF00DB9147 /* AuthStatusLockedOut.swift in Sources */,
				A1C06F0822120876005E8369 /* AuthenticationClientMFAHandlerVerifyer.swift in Sources */,
				F5CC2ADB21D5056D00649C33 /* OktaAPITests.swift in Sources */,
				A12F4FF52238277900DB9147 /* AuthStatusPasswordExpired.swift in Sources */,
				A12F4FE52238269C00DB9147 /* AuthStatusMFARequired.swift in Sources */,
				A12F4FF12238276800DB9147 /* AuthStatusPasswordWarning.swift in Sources */,
				A12F4FFA2238311A00DB9147 /* OktaAuthSdk.swift in Sources */,
			);
			runOnlyForDeploymentPostprocessing = 0;
		};
/* End PBXSourcesBuildPhase section */

/* Begin PBXTargetDependency section */
		2FF5C86B21D3BA1900EECA75 /* PBXTargetDependency */ = {
			isa = PBXTargetDependency;
			target = FA4ED99A21C1499200A065A1 /* OktaAuthNative iOS */;
			targetProxy = 2FF5C86A21D3BA1900EECA75 /* PBXContainerItemProxy */;
		};
		FA500E4C21C7FCD800444B1D /* PBXTargetDependency */ = {
			isa = PBXTargetDependency;
			target = FA4ED99A21C1499200A065A1 /* OktaAuthNative iOS */;
			targetProxy = FA500E4B21C7FCD800444B1D /* PBXContainerItemProxy */;
		};
/* End PBXTargetDependency section */

/* Begin XCBuildConfiguration section */
		2FF5C86D21D3BA1900EECA75 /* Debug */ = {
			isa = XCBuildConfiguration;
			buildSettings = {
				ALWAYS_SEARCH_USER_PATHS = NO;
				CLANG_ANALYZER_NONNULL = YES;
				CLANG_ANALYZER_NUMBER_OBJECT_CONVERSION = YES_AGGRESSIVE;
				CLANG_CXX_LANGUAGE_STANDARD = "gnu++14";
				CLANG_CXX_LIBRARY = "libc++";
				CLANG_ENABLE_MODULES = YES;
				CLANG_ENABLE_OBJC_ARC = YES;
				CLANG_ENABLE_OBJC_WEAK = YES;
				CLANG_WARN_BLOCK_CAPTURE_AUTORELEASING = YES;
				CLANG_WARN_BOOL_CONVERSION = YES;
				CLANG_WARN_COMMA = YES;
				CLANG_WARN_CONSTANT_CONVERSION = YES;
				CLANG_WARN_DEPRECATED_OBJC_IMPLEMENTATIONS = YES;
				CLANG_WARN_DIRECT_OBJC_ISA_USAGE = YES_ERROR;
				CLANG_WARN_DOCUMENTATION_COMMENTS = YES;
				CLANG_WARN_EMPTY_BODY = YES;
				CLANG_WARN_ENUM_CONVERSION = YES;
				CLANG_WARN_INFINITE_RECURSION = YES;
				CLANG_WARN_INT_CONVERSION = YES;
				CLANG_WARN_NON_LITERAL_NULL_CONVERSION = YES;
				CLANG_WARN_OBJC_IMPLICIT_RETAIN_SELF = YES;
				CLANG_WARN_OBJC_LITERAL_CONVERSION = YES;
				CLANG_WARN_OBJC_ROOT_CLASS = YES_ERROR;
				CLANG_WARN_RANGE_LOOP_ANALYSIS = YES;
				CLANG_WARN_STRICT_PROTOTYPES = YES;
				CLANG_WARN_SUSPICIOUS_MOVE = YES;
				CLANG_WARN_UNGUARDED_AVAILABILITY = YES_AGGRESSIVE;
				CLANG_WARN_UNREACHABLE_CODE = YES;
				CLANG_WARN__DUPLICATE_METHOD_MATCH = YES;
				CODE_SIGN_IDENTITY = "iPhone Developer";
				CODE_SIGN_STYLE = Automatic;
				COPY_PHASE_STRIP = NO;
				DEBUG_INFORMATION_FORMAT = dwarf;
				ENABLE_STRICT_OBJC_MSGSEND = YES;
				ENABLE_TESTABILITY = YES;
				GCC_C_LANGUAGE_STANDARD = gnu11;
				GCC_DYNAMIC_NO_PIC = NO;
				GCC_NO_COMMON_BLOCKS = YES;
				GCC_OPTIMIZATION_LEVEL = 0;
				GCC_PREPROCESSOR_DEFINITIONS = (
					"DEBUG=1",
					"$(inherited)",
				);
				GCC_WARN_64_TO_32_BIT_CONVERSION = YES;
				GCC_WARN_ABOUT_RETURN_TYPE = YES_ERROR;
				GCC_WARN_UNDECLARED_SELECTOR = YES;
				GCC_WARN_UNINITIALIZED_AUTOS = YES_AGGRESSIVE;
				GCC_WARN_UNUSED_FUNCTION = YES;
				GCC_WARN_UNUSED_VARIABLE = YES;
				INFOPLIST_FILE = Tests/Info.plist;
				IPHONEOS_DEPLOYMENT_TARGET = 12.1;
				LD_RUNPATH_SEARCH_PATHS = (
					"$(inherited)",
					"@executable_path/Frameworks",
					"@loader_path/Frameworks",
				);
				MTL_ENABLE_DEBUG_INFO = INCLUDE_SOURCE;
				MTL_FAST_MATH = YES;
				ONLY_ACTIVE_ARCH = YES;
				PRODUCT_BUNDLE_IDENTIFIER = "com.okta.OktaAuth-iOS-Integration-Tests";
				PRODUCT_NAME = "$(TARGET_NAME)";
				SDKROOT = iphoneos;
				SWIFT_ACTIVE_COMPILATION_CONDITIONS = DEBUG;
				SWIFT_OPTIMIZATION_LEVEL = "-Onone";
				SWIFT_VERSION = 4.2;
				TARGETED_DEVICE_FAMILY = "1,2";
			};
			name = Debug;
		};
		2FF5C86E21D3BA1900EECA75 /* Release */ = {
			isa = XCBuildConfiguration;
			buildSettings = {
				ALWAYS_SEARCH_USER_PATHS = NO;
				CLANG_ANALYZER_NONNULL = YES;
				CLANG_ANALYZER_NUMBER_OBJECT_CONVERSION = YES_AGGRESSIVE;
				CLANG_CXX_LANGUAGE_STANDARD = "gnu++14";
				CLANG_CXX_LIBRARY = "libc++";
				CLANG_ENABLE_MODULES = YES;
				CLANG_ENABLE_OBJC_ARC = YES;
				CLANG_ENABLE_OBJC_WEAK = YES;
				CLANG_WARN_BLOCK_CAPTURE_AUTORELEASING = YES;
				CLANG_WARN_BOOL_CONVERSION = YES;
				CLANG_WARN_COMMA = YES;
				CLANG_WARN_CONSTANT_CONVERSION = YES;
				CLANG_WARN_DEPRECATED_OBJC_IMPLEMENTATIONS = YES;
				CLANG_WARN_DIRECT_OBJC_ISA_USAGE = YES_ERROR;
				CLANG_WARN_DOCUMENTATION_COMMENTS = YES;
				CLANG_WARN_EMPTY_BODY = YES;
				CLANG_WARN_ENUM_CONVERSION = YES;
				CLANG_WARN_INFINITE_RECURSION = YES;
				CLANG_WARN_INT_CONVERSION = YES;
				CLANG_WARN_NON_LITERAL_NULL_CONVERSION = YES;
				CLANG_WARN_OBJC_IMPLICIT_RETAIN_SELF = YES;
				CLANG_WARN_OBJC_LITERAL_CONVERSION = YES;
				CLANG_WARN_OBJC_ROOT_CLASS = YES_ERROR;
				CLANG_WARN_RANGE_LOOP_ANALYSIS = YES;
				CLANG_WARN_STRICT_PROTOTYPES = YES;
				CLANG_WARN_SUSPICIOUS_MOVE = YES;
				CLANG_WARN_UNGUARDED_AVAILABILITY = YES_AGGRESSIVE;
				CLANG_WARN_UNREACHABLE_CODE = YES;
				CLANG_WARN__DUPLICATE_METHOD_MATCH = YES;
				CODE_SIGN_IDENTITY = "iPhone Developer";
				CODE_SIGN_STYLE = Automatic;
				COPY_PHASE_STRIP = NO;
				DEBUG_INFORMATION_FORMAT = "dwarf-with-dsym";
				ENABLE_NS_ASSERTIONS = NO;
				ENABLE_STRICT_OBJC_MSGSEND = YES;
				GCC_C_LANGUAGE_STANDARD = gnu11;
				GCC_NO_COMMON_BLOCKS = YES;
				GCC_WARN_64_TO_32_BIT_CONVERSION = YES;
				GCC_WARN_ABOUT_RETURN_TYPE = YES_ERROR;
				GCC_WARN_UNDECLARED_SELECTOR = YES;
				GCC_WARN_UNINITIALIZED_AUTOS = YES_AGGRESSIVE;
				GCC_WARN_UNUSED_FUNCTION = YES;
				GCC_WARN_UNUSED_VARIABLE = YES;
				INFOPLIST_FILE = Tests/Info.plist;
				IPHONEOS_DEPLOYMENT_TARGET = 12.1;
				LD_RUNPATH_SEARCH_PATHS = (
					"$(inherited)",
					"@executable_path/Frameworks",
					"@loader_path/Frameworks",
				);
				MTL_ENABLE_DEBUG_INFO = NO;
				MTL_FAST_MATH = YES;
				PRODUCT_BUNDLE_IDENTIFIER = "com.okta.OktaAuth-iOS-Integration-Tests";
				PRODUCT_NAME = "$(TARGET_NAME)";
				SDKROOT = iphoneos;
				SWIFT_COMPILATION_MODE = wholemodule;
				SWIFT_OPTIMIZATION_LEVEL = "-O";
				SWIFT_VERSION = 4.2;
				TARGETED_DEVICE_FAMILY = "1,2";
				VALIDATE_PRODUCT = YES;
			};
			name = Release;
		};
		FA4ED99421C1489900A065A1 /* Debug */ = {
			isa = XCBuildConfiguration;
			buildSettings = {
			};
			name = Debug;
		};
		FA4ED99521C1489900A065A1 /* Release */ = {
			isa = XCBuildConfiguration;
			buildSettings = {
			};
			name = Release;
		};
		FA4ED9A221C1499200A065A1 /* Debug */ = {
			isa = XCBuildConfiguration;
			buildSettings = {
				ALWAYS_SEARCH_USER_PATHS = NO;
				CLANG_ANALYZER_NONNULL = YES;
				CLANG_ANALYZER_NUMBER_OBJECT_CONVERSION = YES_AGGRESSIVE;
				CLANG_CXX_LANGUAGE_STANDARD = "gnu++14";
				CLANG_CXX_LIBRARY = "libc++";
				CLANG_ENABLE_MODULES = YES;
				CLANG_ENABLE_OBJC_ARC = YES;
				CLANG_ENABLE_OBJC_WEAK = YES;
				CLANG_WARN_BLOCK_CAPTURE_AUTORELEASING = YES;
				CLANG_WARN_BOOL_CONVERSION = YES;
				CLANG_WARN_COMMA = YES;
				CLANG_WARN_CONSTANT_CONVERSION = YES;
				CLANG_WARN_DEPRECATED_OBJC_IMPLEMENTATIONS = YES;
				CLANG_WARN_DIRECT_OBJC_ISA_USAGE = YES_ERROR;
				CLANG_WARN_DOCUMENTATION_COMMENTS = YES;
				CLANG_WARN_EMPTY_BODY = YES;
				CLANG_WARN_ENUM_CONVERSION = YES;
				CLANG_WARN_INFINITE_RECURSION = YES;
				CLANG_WARN_INT_CONVERSION = YES;
				CLANG_WARN_NON_LITERAL_NULL_CONVERSION = YES;
				CLANG_WARN_OBJC_IMPLICIT_RETAIN_SELF = YES;
				CLANG_WARN_OBJC_LITERAL_CONVERSION = YES;
				CLANG_WARN_OBJC_ROOT_CLASS = YES_ERROR;
				CLANG_WARN_RANGE_LOOP_ANALYSIS = YES;
				CLANG_WARN_STRICT_PROTOTYPES = YES;
				CLANG_WARN_SUSPICIOUS_MOVE = YES;
				CLANG_WARN_UNGUARDED_AVAILABILITY = YES_AGGRESSIVE;
				CLANG_WARN_UNREACHABLE_CODE = YES;
				CLANG_WARN__DUPLICATE_METHOD_MATCH = YES;
				CODE_SIGN_IDENTITY = "iPhone Developer";
				CODE_SIGN_STYLE = Automatic;
				COPY_PHASE_STRIP = NO;
				CURRENT_PROJECT_VERSION = 1;
				DEBUG_INFORMATION_FORMAT = dwarf;
				DEFINES_MODULE = YES;
				DYLIB_COMPATIBILITY_VERSION = 1;
				DYLIB_CURRENT_VERSION = 1;
				DYLIB_INSTALL_NAME_BASE = "@rpath";
				ENABLE_STRICT_OBJC_MSGSEND = YES;
				ENABLE_TESTABILITY = YES;
				GCC_C_LANGUAGE_STANDARD = gnu11;
				GCC_DYNAMIC_NO_PIC = NO;
				GCC_NO_COMMON_BLOCKS = YES;
				GCC_OPTIMIZATION_LEVEL = 0;
				GCC_PREPROCESSOR_DEFINITIONS = (
					"DEBUG=1",
					"$(inherited)",
				);
				GCC_WARN_64_TO_32_BIT_CONVERSION = YES;
				GCC_WARN_ABOUT_RETURN_TYPE = YES_ERROR;
				GCC_WARN_UNDECLARED_SELECTOR = YES;
				GCC_WARN_UNINITIALIZED_AUTOS = YES_AGGRESSIVE;
				GCC_WARN_UNUSED_FUNCTION = YES;
				GCC_WARN_UNUSED_VARIABLE = YES;
				INFOPLIST_FILE = Source/Info.plist;
				INSTALL_PATH = "$(LOCAL_LIBRARY_DIR)/Frameworks";
				IPHONEOS_DEPLOYMENT_TARGET = 12.1;
				LD_RUNPATH_SEARCH_PATHS = (
					"$(inherited)",
					"@executable_path/Frameworks",
					"@loader_path/Frameworks",
				);
				MTL_ENABLE_DEBUG_INFO = INCLUDE_SOURCE;
				MTL_FAST_MATH = YES;
				ONLY_ACTIVE_ARCH = YES;
				PRODUCT_BUNDLE_IDENTIFIER = "com.okta.auth-swift";
				PRODUCT_NAME = OktaAuthNative;
				SDKROOT = iphoneos;
				SKIP_INSTALL = YES;
				SWIFT_ACTIVE_COMPILATION_CONDITIONS = DEBUG;
				SWIFT_OPTIMIZATION_LEVEL = "-Onone";
				SWIFT_VERSION = 4.2;
				TARGETED_DEVICE_FAMILY = "1,2";
				VERSIONING_SYSTEM = "apple-generic";
				VERSION_INFO_PREFIX = "";
			};
			name = Debug;
		};
		FA4ED9A321C1499200A065A1 /* Release */ = {
			isa = XCBuildConfiguration;
			buildSettings = {
				ALWAYS_SEARCH_USER_PATHS = NO;
				CLANG_ANALYZER_NONNULL = YES;
				CLANG_ANALYZER_NUMBER_OBJECT_CONVERSION = YES_AGGRESSIVE;
				CLANG_CXX_LANGUAGE_STANDARD = "gnu++14";
				CLANG_CXX_LIBRARY = "libc++";
				CLANG_ENABLE_MODULES = YES;
				CLANG_ENABLE_OBJC_ARC = YES;
				CLANG_ENABLE_OBJC_WEAK = YES;
				CLANG_WARN_BLOCK_CAPTURE_AUTORELEASING = YES;
				CLANG_WARN_BOOL_CONVERSION = YES;
				CLANG_WARN_COMMA = YES;
				CLANG_WARN_CONSTANT_CONVERSION = YES;
				CLANG_WARN_DEPRECATED_OBJC_IMPLEMENTATIONS = YES;
				CLANG_WARN_DIRECT_OBJC_ISA_USAGE = YES_ERROR;
				CLANG_WARN_DOCUMENTATION_COMMENTS = YES;
				CLANG_WARN_EMPTY_BODY = YES;
				CLANG_WARN_ENUM_CONVERSION = YES;
				CLANG_WARN_INFINITE_RECURSION = YES;
				CLANG_WARN_INT_CONVERSION = YES;
				CLANG_WARN_NON_LITERAL_NULL_CONVERSION = YES;
				CLANG_WARN_OBJC_IMPLICIT_RETAIN_SELF = YES;
				CLANG_WARN_OBJC_LITERAL_CONVERSION = YES;
				CLANG_WARN_OBJC_ROOT_CLASS = YES_ERROR;
				CLANG_WARN_RANGE_LOOP_ANALYSIS = YES;
				CLANG_WARN_STRICT_PROTOTYPES = YES;
				CLANG_WARN_SUSPICIOUS_MOVE = YES;
				CLANG_WARN_UNGUARDED_AVAILABILITY = YES_AGGRESSIVE;
				CLANG_WARN_UNREACHABLE_CODE = YES;
				CLANG_WARN__DUPLICATE_METHOD_MATCH = YES;
				CODE_SIGN_IDENTITY = "iPhone Developer";
				CODE_SIGN_STYLE = Automatic;
				COPY_PHASE_STRIP = NO;
				CURRENT_PROJECT_VERSION = 1;
				DEBUG_INFORMATION_FORMAT = "dwarf-with-dsym";
				DEFINES_MODULE = YES;
				DYLIB_COMPATIBILITY_VERSION = 1;
				DYLIB_CURRENT_VERSION = 1;
				DYLIB_INSTALL_NAME_BASE = "@rpath";
				ENABLE_NS_ASSERTIONS = NO;
				ENABLE_STRICT_OBJC_MSGSEND = YES;
				GCC_C_LANGUAGE_STANDARD = gnu11;
				GCC_NO_COMMON_BLOCKS = YES;
				GCC_WARN_64_TO_32_BIT_CONVERSION = YES;
				GCC_WARN_ABOUT_RETURN_TYPE = YES_ERROR;
				GCC_WARN_UNDECLARED_SELECTOR = YES;
				GCC_WARN_UNINITIALIZED_AUTOS = YES_AGGRESSIVE;
				GCC_WARN_UNUSED_FUNCTION = YES;
				GCC_WARN_UNUSED_VARIABLE = YES;
				INFOPLIST_FILE = Source/Info.plist;
				INSTALL_PATH = "$(LOCAL_LIBRARY_DIR)/Frameworks";
				IPHONEOS_DEPLOYMENT_TARGET = 12.1;
				LD_RUNPATH_SEARCH_PATHS = (
					"$(inherited)",
					"@executable_path/Frameworks",
					"@loader_path/Frameworks",
				);
				MTL_ENABLE_DEBUG_INFO = NO;
				MTL_FAST_MATH = YES;
				PRODUCT_BUNDLE_IDENTIFIER = "com.okta.auth-swift";
				PRODUCT_NAME = OktaAuthNative;
				SDKROOT = iphoneos;
				SKIP_INSTALL = YES;
				SWIFT_COMPILATION_MODE = wholemodule;
				SWIFT_OPTIMIZATION_LEVEL = "-O";
				SWIFT_VERSION = 4.2;
				TARGETED_DEVICE_FAMILY = "1,2";
				VALIDATE_PRODUCT = YES;
				VERSIONING_SYSTEM = "apple-generic";
				VERSION_INFO_PREFIX = "";
			};
			name = Release;
		};
		FA500E4E21C7FCD800444B1D /* Debug */ = {
			isa = XCBuildConfiguration;
			buildSettings = {
				ALWAYS_SEARCH_USER_PATHS = NO;
				CLANG_ANALYZER_NONNULL = YES;
				CLANG_ANALYZER_NUMBER_OBJECT_CONVERSION = YES_AGGRESSIVE;
				CLANG_CXX_LANGUAGE_STANDARD = "gnu++14";
				CLANG_CXX_LIBRARY = "libc++";
				CLANG_ENABLE_MODULES = YES;
				CLANG_ENABLE_OBJC_ARC = YES;
				CLANG_ENABLE_OBJC_WEAK = YES;
				CLANG_WARN_BLOCK_CAPTURE_AUTORELEASING = YES;
				CLANG_WARN_BOOL_CONVERSION = YES;
				CLANG_WARN_COMMA = YES;
				CLANG_WARN_CONSTANT_CONVERSION = YES;
				CLANG_WARN_DEPRECATED_OBJC_IMPLEMENTATIONS = YES;
				CLANG_WARN_DIRECT_OBJC_ISA_USAGE = YES_ERROR;
				CLANG_WARN_DOCUMENTATION_COMMENTS = YES;
				CLANG_WARN_EMPTY_BODY = YES;
				CLANG_WARN_ENUM_CONVERSION = YES;
				CLANG_WARN_INFINITE_RECURSION = YES;
				CLANG_WARN_INT_CONVERSION = YES;
				CLANG_WARN_NON_LITERAL_NULL_CONVERSION = YES;
				CLANG_WARN_OBJC_IMPLICIT_RETAIN_SELF = YES;
				CLANG_WARN_OBJC_LITERAL_CONVERSION = YES;
				CLANG_WARN_OBJC_ROOT_CLASS = YES_ERROR;
				CLANG_WARN_RANGE_LOOP_ANALYSIS = YES;
				CLANG_WARN_STRICT_PROTOTYPES = YES;
				CLANG_WARN_SUSPICIOUS_MOVE = YES;
				CLANG_WARN_UNGUARDED_AVAILABILITY = YES_AGGRESSIVE;
				CLANG_WARN_UNREACHABLE_CODE = YES;
				CLANG_WARN__DUPLICATE_METHOD_MATCH = YES;
				CODE_SIGN_IDENTITY = "iPhone Developer";
				CODE_SIGN_STYLE = Automatic;
				COPY_PHASE_STRIP = NO;
				DEBUG_INFORMATION_FORMAT = dwarf;
				ENABLE_STRICT_OBJC_MSGSEND = YES;
				ENABLE_TESTABILITY = YES;
				GCC_C_LANGUAGE_STANDARD = gnu11;
				GCC_DYNAMIC_NO_PIC = NO;
				GCC_NO_COMMON_BLOCKS = YES;
				GCC_OPTIMIZATION_LEVEL = 0;
				GCC_PREPROCESSOR_DEFINITIONS = (
					"DEBUG=1",
					"$(inherited)",
				);
				GCC_WARN_64_TO_32_BIT_CONVERSION = YES;
				GCC_WARN_ABOUT_RETURN_TYPE = YES_ERROR;
				GCC_WARN_UNDECLARED_SELECTOR = YES;
				GCC_WARN_UNINITIALIZED_AUTOS = YES_AGGRESSIVE;
				GCC_WARN_UNUSED_FUNCTION = YES;
				GCC_WARN_UNUSED_VARIABLE = YES;
				INFOPLIST_FILE = Tests/Info.plist;
				IPHONEOS_DEPLOYMENT_TARGET = 12.1;
				LD_RUNPATH_SEARCH_PATHS = (
					"$(inherited)",
					"@executable_path/Frameworks",
					"@loader_path/Frameworks",
				);
				MTL_ENABLE_DEBUG_INFO = INCLUDE_SOURCE;
				MTL_FAST_MATH = YES;
				ONLY_ACTIVE_ARCH = YES;
				PRODUCT_BUNDLE_IDENTIFIER = "com.okta.OktaAuth-iOS-Tests";
				PRODUCT_NAME = "$(TARGET_NAME)";
				SDKROOT = iphoneos;
				SWIFT_ACTIVE_COMPILATION_CONDITIONS = DEBUG;
				SWIFT_OPTIMIZATION_LEVEL = "-Onone";
				SWIFT_VERSION = 4.2;
				TARGETED_DEVICE_FAMILY = "1,2";
			};
			name = Debug;
		};
		FA500E4F21C7FCD800444B1D /* Release */ = {
			isa = XCBuildConfiguration;
			buildSettings = {
				ALWAYS_SEARCH_USER_PATHS = NO;
				CLANG_ANALYZER_NONNULL = YES;
				CLANG_ANALYZER_NUMBER_OBJECT_CONVERSION = YES_AGGRESSIVE;
				CLANG_CXX_LANGUAGE_STANDARD = "gnu++14";
				CLANG_CXX_LIBRARY = "libc++";
				CLANG_ENABLE_MODULES = YES;
				CLANG_ENABLE_OBJC_ARC = YES;
				CLANG_ENABLE_OBJC_WEAK = YES;
				CLANG_WARN_BLOCK_CAPTURE_AUTORELEASING = YES;
				CLANG_WARN_BOOL_CONVERSION = YES;
				CLANG_WARN_COMMA = YES;
				CLANG_WARN_CONSTANT_CONVERSION = YES;
				CLANG_WARN_DEPRECATED_OBJC_IMPLEMENTATIONS = YES;
				CLANG_WARN_DIRECT_OBJC_ISA_USAGE = YES_ERROR;
				CLANG_WARN_DOCUMENTATION_COMMENTS = YES;
				CLANG_WARN_EMPTY_BODY = YES;
				CLANG_WARN_ENUM_CONVERSION = YES;
				CLANG_WARN_INFINITE_RECURSION = YES;
				CLANG_WARN_INT_CONVERSION = YES;
				CLANG_WARN_NON_LITERAL_NULL_CONVERSION = YES;
				CLANG_WARN_OBJC_IMPLICIT_RETAIN_SELF = YES;
				CLANG_WARN_OBJC_LITERAL_CONVERSION = YES;
				CLANG_WARN_OBJC_ROOT_CLASS = YES_ERROR;
				CLANG_WARN_RANGE_LOOP_ANALYSIS = YES;
				CLANG_WARN_STRICT_PROTOTYPES = YES;
				CLANG_WARN_SUSPICIOUS_MOVE = YES;
				CLANG_WARN_UNGUARDED_AVAILABILITY = YES_AGGRESSIVE;
				CLANG_WARN_UNREACHABLE_CODE = YES;
				CLANG_WARN__DUPLICATE_METHOD_MATCH = YES;
				CODE_SIGN_IDENTITY = "iPhone Developer";
				CODE_SIGN_STYLE = Automatic;
				COPY_PHASE_STRIP = NO;
				DEBUG_INFORMATION_FORMAT = "dwarf-with-dsym";
				ENABLE_NS_ASSERTIONS = NO;
				ENABLE_STRICT_OBJC_MSGSEND = YES;
				GCC_C_LANGUAGE_STANDARD = gnu11;
				GCC_NO_COMMON_BLOCKS = YES;
				GCC_WARN_64_TO_32_BIT_CONVERSION = YES;
				GCC_WARN_ABOUT_RETURN_TYPE = YES_ERROR;
				GCC_WARN_UNDECLARED_SELECTOR = YES;
				GCC_WARN_UNINITIALIZED_AUTOS = YES_AGGRESSIVE;
				GCC_WARN_UNUSED_FUNCTION = YES;
				GCC_WARN_UNUSED_VARIABLE = YES;
				INFOPLIST_FILE = Tests/Info.plist;
				IPHONEOS_DEPLOYMENT_TARGET = 12.1;
				LD_RUNPATH_SEARCH_PATHS = (
					"$(inherited)",
					"@executable_path/Frameworks",
					"@loader_path/Frameworks",
				);
				MTL_ENABLE_DEBUG_INFO = NO;
				MTL_FAST_MATH = YES;
				PRODUCT_BUNDLE_IDENTIFIER = "com.okta.OktaAuth-iOS-Tests";
				PRODUCT_NAME = "$(TARGET_NAME)";
				SDKROOT = iphoneos;
				SWIFT_COMPILATION_MODE = wholemodule;
				SWIFT_OPTIMIZATION_LEVEL = "-O";
				SWIFT_VERSION = 4.2;
				TARGETED_DEVICE_FAMILY = "1,2";
				VALIDATE_PRODUCT = YES;
			};
			name = Release;
		};
/* End XCBuildConfiguration section */

/* Begin XCConfigurationList section */
		2FF5C86C21D3BA1900EECA75 /* Build configuration list for PBXNativeTarget "OktaAuthNative iOS Integration Tests" */ = {
			isa = XCConfigurationList;
			buildConfigurations = (
				2FF5C86D21D3BA1900EECA75 /* Debug */,
				2FF5C86E21D3BA1900EECA75 /* Release */,
			);
			defaultConfigurationIsVisible = 0;
			defaultConfigurationName = Release;
		};
		FA4ED99321C1489900A065A1 /* Build configuration list for PBXProject "OktaAuthNative" */ = {
			isa = XCConfigurationList;
			buildConfigurations = (
				FA4ED99421C1489900A065A1 /* Debug */,
				FA4ED99521C1489900A065A1 /* Release */,
			);
			defaultConfigurationIsVisible = 0;
			defaultConfigurationName = Release;
		};
		FA4ED9A121C1499200A065A1 /* Build configuration list for PBXNativeTarget "OktaAuthNative iOS" */ = {
			isa = XCConfigurationList;
			buildConfigurations = (
				FA4ED9A221C1499200A065A1 /* Debug */,
				FA4ED9A321C1499200A065A1 /* Release */,
			);
			defaultConfigurationIsVisible = 0;
			defaultConfigurationName = Release;
		};
		FA500E4D21C7FCD800444B1D /* Build configuration list for PBXNativeTarget "OktaAuthNative iOS Tests" */ = {
			isa = XCConfigurationList;
			buildConfigurations = (
				FA500E4E21C7FCD800444B1D /* Debug */,
				FA500E4F21C7FCD800444B1D /* Release */,
			);
			defaultConfigurationIsVisible = 0;
			defaultConfigurationName = Release;
		};
/* End XCConfigurationList section */
	};
	rootObject = FA4ED99021C1489900A065A1 /* Project object */;
}
