// !$*UTF8*$!
{
	archiveVersion = 1;
	classes = {
	};
	objectVersion = 50;
	objects = {

/* Begin PBXBuildFile section */
		2F32C9D8229417DA003A6768 /* OktaAuthStatusUnauthenticatedTests.swift in Sources */ = {isa = PBXBuildFile; fileRef = 2F32C9D7229417DA003A6768 /* OktaAuthStatusUnauthenticatedTests.swift */; };
		2F32C9DA229422CF003A6768 /* TypesTests.swift in Sources */ = {isa = PBXBuildFile; fileRef = 2F32C9D9229422CF003A6768 /* TypesTests.swift */; };
		2F32C9DC2295419E003A6768 /* AuthStateTests.swift in Sources */ = {isa = PBXBuildFile; fileRef = 2F32C9DB2295419E003A6768 /* AuthStateTests.swift */; };
		2F7C3B782268AF1E00A62FD4 /* OktaModelsTests.swift in Sources */ = {isa = PBXBuildFile; fileRef = 2F7C3B6E2268AF1500A62FD4 /* OktaModelsTests.swift */; };
		2F7C3B792268AF2400A62FD4 /* OktaAPITests.swift in Sources */ = {isa = PBXBuildFile; fileRef = 2F7C3B702268AF1500A62FD4 /* OktaAPITests.swift */; };
		2F7C3B7A2268AF2800A62FD4 /* OktaAPIRequestTests.swift in Sources */ = {isa = PBXBuildFile; fileRef = 2F7C3B712268AF1500A62FD4 /* OktaAPIRequestTests.swift */; };
		2F7C3B7E2268B83400A62FD4 /* OktaFactorPushTests.swift in Sources */ = {isa = PBXBuildFile; fileRef = 2F7C3B7D2268B83400A62FD4 /* OktaFactorPushTests.swift */; };
		2F7C3BBA226DE40200A62FD4 /* TestResponse.swift in Sources */ = {isa = PBXBuildFile; fileRef = 2F7C3BB9226DE40200A62FD4 /* TestResponse.swift */; };
		2F7C3BBC226DEA3200A62FD4 /* OktaFactorTests.swift in Sources */ = {isa = PBXBuildFile; fileRef = 2F7C3BBB226DEA3200A62FD4 /* OktaFactorTests.swift */; };
		2F7C3BBD226DED1B00A62FD4 /* SUCCESS in Resources */ = {isa = PBXBuildFile; fileRef = 2F7C3B8B2268D50500A62FD4 /* SUCCESS */; };
		2F7C3BBE226DED1E00A62FD4 /* MFA_CHALLENGE_WAITING_PUSH in Resources */ = {isa = PBXBuildFile; fileRef = 2F7C3B912268D73000A62FD4 /* MFA_CHALLENGE_WAITING_PUSH */; };
		2F7C3BBF226DED2300A62FD4 /* MFA_ENROLL_NotEnrolled in Resources */ = {isa = PBXBuildFile; fileRef = 2F7C3B812268CE3A00A62FD4 /* MFA_ENROLL_NotEnrolled */; };
		2F7C3BC0226DED2300A62FD4 /* MFA_ENROLL_PartiallyEnrolled in Resources */ = {isa = PBXBuildFile; fileRef = 2F7C3B852268D00B00A62FD4 /* MFA_ENROLL_PartiallyEnrolled */; };
		2F7C3BC1226DED2300A62FD4 /* MFA_ENROLL_ACTIVATE_SMS in Resources */ = {isa = PBXBuildFile; fileRef = 2F7C3B832268CF7400A62FD4 /* MFA_ENROLL_ACTIVATE_SMS */; };
		2F7C3BC2226DED2300A62FD4 /* MFA_ENROLL_ACTIVATE_Push in Resources */ = {isa = PBXBuildFile; fileRef = 2F7C3B8D2268D60E00A62FD4 /* MFA_ENROLL_ACTIVATE_Push */; };
		2F7C3BC3226DED2300A62FD4 /* MFA_REQUIRED in Resources */ = {isa = PBXBuildFile; fileRef = 2F7C3B872268D43600A62FD4 /* MFA_REQUIRED */; };
		2F7C3BC4226DED2300A62FD4 /* MFA_CHALLENGE_SMS in Resources */ = {isa = PBXBuildFile; fileRef = 2F7C3B8F2268D68000A62FD4 /* MFA_CHALLENGE_SMS */; };
		2F7C3BC5226DED2300A62FD4 /* MFA_CHALLENGE_TOTP in Resources */ = {isa = PBXBuildFile; fileRef = 2F7C3B892268D4D700A62FD4 /* MFA_CHALLENGE_TOTP */; };
		2F7C3BC9226F40BA00A62FD4 /* OktaFactorSmsTests.swift in Sources */ = {isa = PBXBuildFile; fileRef = 2F7C3BC8226F40BA00A62FD4 /* OktaFactorSmsTests.swift */; };
		2F7C3BCB226F40C800A62FD4 /* OktaFactorTotpTests.swift in Sources */ = {isa = PBXBuildFile; fileRef = 2F7C3BCA226F40C800A62FD4 /* OktaFactorTotpTests.swift */; };
		2F7C3BCE226F421E00A62FD4 /* OktaFactorQuestionTests.swift in Sources */ = {isa = PBXBuildFile; fileRef = 2F7C3BCC226F40DA00A62FD4 /* OktaFactorQuestionTests.swift */; };
		2F7C3BD0226F459C00A62FD4 /* OktaFactorTestCase.swift in Sources */ = {isa = PBXBuildFile; fileRef = 2F7C3BCF226F459C00A62FD4 /* OktaFactorTestCase.swift */; };
		2F7C3BD3226F540900A62FD4 /* OktaFactor+Mocking.swift in Sources */ = {isa = PBXBuildFile; fileRef = 2F7C3BD1226F53F700A62FD4 /* OktaFactor+Mocking.swift */; };
		2F8155872270638B009FA6C5 /* OktaAuthStatusTests.swift in Sources */ = {isa = PBXBuildFile; fileRef = 2F8155862270638B009FA6C5 /* OktaAuthStatusTests.swift */; };
		2F81558B22707E9C009FA6C5 /* OktaFactorResultProtocolMock.swift in Sources */ = {isa = PBXBuildFile; fileRef = 2F81558A22707E9C009FA6C5 /* OktaFactorResultProtocolMock.swift */; };
		2F81558D22708395009FA6C5 /* OktaAuthStatus+Mocking.swift in Sources */ = {isa = PBXBuildFile; fileRef = 2F81558C22708395009FA6C5 /* OktaAuthStatus+Mocking.swift */; };
		2F81558F22708B23009FA6C5 /* OktaAuthStatusResponseHandlerMock.swift in Sources */ = {isa = PBXBuildFile; fileRef = 2F81558E22708B23009FA6C5 /* OktaAuthStatusResponseHandlerMock.swift */; };
		2F8155912270A983009FA6C5 /* OktaAuthStatusResponseHandlerTests.swift in Sources */ = {isa = PBXBuildFile; fileRef = 2F8155902270A983009FA6C5 /* OktaAuthStatusResponseHandlerTests.swift */; };
		2F8155932270B740009FA6C5 /* LOCKED_OUT in Resources */ = {isa = PBXBuildFile; fileRef = 2F8155922270B740009FA6C5 /* LOCKED_OUT */; };
		2F8155952270B85B009FA6C5 /* RECOVERY in Resources */ = {isa = PBXBuildFile; fileRef = 2F8155942270B85B009FA6C5 /* RECOVERY */; };
		2F8155972270B878009FA6C5 /* RECOVERY_CHALLENGE_SMS in Resources */ = {isa = PBXBuildFile; fileRef = 2F8155962270B878009FA6C5 /* RECOVERY_CHALLENGE_SMS */; };
		2F8155992270B8AB009FA6C5 /* PASSWORD_RESET in Resources */ = {isa = PBXBuildFile; fileRef = 2F8155982270B8AB009FA6C5 /* PASSWORD_RESET */; };
		2F81559B2271AD3D009FA6C5 /* OktaAuthStatusFactorEnrollTests.swift in Sources */ = {isa = PBXBuildFile; fileRef = 2F81559A2271AD3D009FA6C5 /* OktaAuthStatusFactorEnrollTests.swift */; };
		2F81559D2271AD5B009FA6C5 /* OktaAuthStatusFactorEnrollActivateTests.swift in Sources */ = {isa = PBXBuildFile; fileRef = 2F81559C2271AD5B009FA6C5 /* OktaAuthStatusFactorEnrollActivateTests.swift */; };
		2F81559F2271AD76009FA6C5 /* OktaAuthStatusFactorRequiredTests.swift in Sources */ = {isa = PBXBuildFile; fileRef = 2F81559E2271AD76009FA6C5 /* OktaAuthStatusFactorRequiredTests.swift */; };
		2F8155A12271AD91009FA6C5 /* OktaAuthStatusFactorChallengeTests.swift in Sources */ = {isa = PBXBuildFile; fileRef = 2F8155A02271AD91009FA6C5 /* OktaAuthStatusFactorChallengeTests.swift */; };
		2F8155A32271EEC1009FA6C5 /* OktaAuthStatusPasswordExpiredTests.swift in Sources */ = {isa = PBXBuildFile; fileRef = 2F8155A22271EEC1009FA6C5 /* OktaAuthStatusPasswordExpiredTests.swift */; };
		2F8155A52271F352009FA6C5 /* OktaAuthStatusLockedOutTests.swift in Sources */ = {isa = PBXBuildFile; fileRef = 2F8155A42271F352009FA6C5 /* OktaAuthStatusLockedOutTests.swift */; };
		2F8155A72271F6DC009FA6C5 /* OktaAuthStatePasswordResetTests.swift in Sources */ = {isa = PBXBuildFile; fileRef = 2F8155A62271F6DC009FA6C5 /* OktaAuthStatePasswordResetTests.swift */; };
		2F8D79F421D6601600CFDF12 /* README.md in Resources */ = {isa = PBXBuildFile; fileRef = 2F8D79F321D6601600CFDF12 /* README.md */; };
		2FF5C85921D3A9E700EECA75 /* OperationNotAllowedError in Resources */ = {isa = PBXBuildFile; fileRef = 2FF5C85721D3A9E200EECA75 /* OperationNotAllowedError */; };
		2FF5C85E21D3B15000EECA75 /* AuthenticationFailedError in Resources */ = {isa = PBXBuildFile; fileRef = 2FF5C85D21D3B15000EECA75 /* AuthenticationFailedError */; };
		A12F4FF92238311A00DB9147 /* OktaAuthSdk.swift in Sources */ = {isa = PBXBuildFile; fileRef = A12F4FF82238311A00DB9147 /* OktaAuthSdk.swift */; };
		A12F4FFA2238311A00DB9147 /* OktaAuthSdk.swift in Sources */ = {isa = PBXBuildFile; fileRef = A12F4FF82238311A00DB9147 /* OktaAuthSdk.swift */; };
		A151096D2281FD3F009AF8EB /* OktaAuthStatusPasswordWarningTests.swift in Sources */ = {isa = PBXBuildFile; fileRef = A151096B2281FD3F009AF8EB /* OktaAuthStatusPasswordWarningTests.swift */; };
		A1671554227BA90700E7801D /* Unknown_State_And_FactorResult in Resources */ = {isa = PBXBuildFile; fileRef = A1671552227BA90700E7801D /* Unknown_State_And_FactorResult */; };
		A172512222E91B82007E460B /* E2ETests.swift in Sources */ = {isa = PBXBuildFile; fileRef = A172512122E91B82007E460B /* E2ETests.swift */; };
		A179276D2229BDB90001C889 /* OktaAuthSdk.podspec in Resources */ = {isa = PBXBuildFile; fileRef = A179276C2229BDB90001C889 /* OktaAuthSdk.podspec */; };
		A183359A2239A86D007C6175 /* OktaError.swift in Sources */ = {isa = PBXBuildFile; fileRef = FA4ED9A921C2895B00A065A1 /* OktaError.swift */; };
		A1920F78225E64D0007D50D2 /* OktaFactor.swift in Sources */ = {isa = PBXBuildFile; fileRef = A1920F77225E64D0007D50D2 /* OktaFactor.swift */; };
		A1920F79225E64D0007D50D2 /* OktaFactor.swift in Sources */ = {isa = PBXBuildFile; fileRef = A1920F77225E64D0007D50D2 /* OktaFactor.swift */; };
		A1920F7C225E67A1007D50D2 /* OktaFactorPush.swift in Sources */ = {isa = PBXBuildFile; fileRef = A1920F7B225E67A1007D50D2 /* OktaFactorPush.swift */; };
		A1920F7D225E67A1007D50D2 /* OktaFactorPush.swift in Sources */ = {isa = PBXBuildFile; fileRef = A1920F7B225E67A1007D50D2 /* OktaFactorPush.swift */; };
		A1920F80225E81EE007D50D2 /* OktaFactorSms.swift in Sources */ = {isa = PBXBuildFile; fileRef = A1920F7F225E81EE007D50D2 /* OktaFactorSms.swift */; };
		A1920F81225E81EE007D50D2 /* OktaFactorSms.swift in Sources */ = {isa = PBXBuildFile; fileRef = A1920F7F225E81EE007D50D2 /* OktaFactorSms.swift */; };
		A1920F88225E8224007D50D2 /* OktaFactorTotp.swift in Sources */ = {isa = PBXBuildFile; fileRef = A1920F87225E8224007D50D2 /* OktaFactorTotp.swift */; };
		A1920F89225E8224007D50D2 /* OktaFactorTotp.swift in Sources */ = {isa = PBXBuildFile; fileRef = A1920F87225E8224007D50D2 /* OktaFactorTotp.swift */; };
		A1920F8C225E83E8007D50D2 /* OktaFactorQuestion.swift in Sources */ = {isa = PBXBuildFile; fileRef = A1920F8B225E83E8007D50D2 /* OktaFactorQuestion.swift */; };
		A1920F8D225E83E8007D50D2 /* OktaFactorQuestion.swift in Sources */ = {isa = PBXBuildFile; fileRef = A1920F8B225E83E8007D50D2 /* OktaFactorQuestion.swift */; };
		A1920F90225E8406007D50D2 /* OktaFactorToken.swift in Sources */ = {isa = PBXBuildFile; fileRef = A1920F8F225E8406007D50D2 /* OktaFactorToken.swift */; };
		A1920F91225E8406007D50D2 /* OktaFactorToken.swift in Sources */ = {isa = PBXBuildFile; fileRef = A1920F8F225E8406007D50D2 /* OktaFactorToken.swift */; };
		A1920F94225E8478007D50D2 /* OktaFactorOther.swift in Sources */ = {isa = PBXBuildFile; fileRef = A1920F93225E8478007D50D2 /* OktaFactorOther.swift */; };
		A1920F95225E8478007D50D2 /* OktaFactorOther.swift in Sources */ = {isa = PBXBuildFile; fileRef = A1920F93225E8478007D50D2 /* OktaFactorOther.swift */; };
		A1920FA522615A97007D50D2 /* OktaAuthStatusRecoveryChallenge.swift in Sources */ = {isa = PBXBuildFile; fileRef = A1920F9722615A97007D50D2 /* OktaAuthStatusRecoveryChallenge.swift */; };
		A1920FA622615A97007D50D2 /* OktaAuthStatusRecoveryChallenge.swift in Sources */ = {isa = PBXBuildFile; fileRef = A1920F9722615A97007D50D2 /* OktaAuthStatusRecoveryChallenge.swift */; };
		A1920FA822615A97007D50D2 /* OktaAuthStatePasswordReset.swift in Sources */ = {isa = PBXBuildFile; fileRef = A1920F9822615A97007D50D2 /* OktaAuthStatePasswordReset.swift */; };
		A1920FA922615A97007D50D2 /* OktaAuthStatePasswordReset.swift in Sources */ = {isa = PBXBuildFile; fileRef = A1920F9822615A97007D50D2 /* OktaAuthStatePasswordReset.swift */; };
		A1920FAB22615A97007D50D2 /* OktaAuthStatusFactorEnroll.swift in Sources */ = {isa = PBXBuildFile; fileRef = A1920F9922615A97007D50D2 /* OktaAuthStatusFactorEnroll.swift */; };
		A1920FAC22615A97007D50D2 /* OktaAuthStatusFactorEnroll.swift in Sources */ = {isa = PBXBuildFile; fileRef = A1920F9922615A97007D50D2 /* OktaAuthStatusFactorEnroll.swift */; };
		A1920FAE22615A97007D50D2 /* OktaAuthStatusUnauthenticated.swift in Sources */ = {isa = PBXBuildFile; fileRef = A1920F9A22615A97007D50D2 /* OktaAuthStatusUnauthenticated.swift */; };
		A1920FAF22615A97007D50D2 /* OktaAuthStatusUnauthenticated.swift in Sources */ = {isa = PBXBuildFile; fileRef = A1920F9A22615A97007D50D2 /* OktaAuthStatusUnauthenticated.swift */; };
		A1920FB122615A97007D50D2 /* OktaAuthStatusPasswordExpired.swift in Sources */ = {isa = PBXBuildFile; fileRef = A1920F9B22615A97007D50D2 /* OktaAuthStatusPasswordExpired.swift */; };
		A1920FB222615A97007D50D2 /* OktaAuthStatusPasswordExpired.swift in Sources */ = {isa = PBXBuildFile; fileRef = A1920F9B22615A97007D50D2 /* OktaAuthStatusPasswordExpired.swift */; };
		A1920FB422615A97007D50D2 /* OktaAuthStatusResponseHandler.swift in Sources */ = {isa = PBXBuildFile; fileRef = A1920F9C22615A97007D50D2 /* OktaAuthStatusResponseHandler.swift */; };
		A1920FB522615A97007D50D2 /* OktaAuthStatusResponseHandler.swift in Sources */ = {isa = PBXBuildFile; fileRef = A1920F9C22615A97007D50D2 /* OktaAuthStatusResponseHandler.swift */; };
		A1920FB722615A97007D50D2 /* OktaAuthStatusLockedOut.swift in Sources */ = {isa = PBXBuildFile; fileRef = A1920F9D22615A97007D50D2 /* OktaAuthStatusLockedOut.swift */; };
		A1920FB822615A97007D50D2 /* OktaAuthStatusLockedOut.swift in Sources */ = {isa = PBXBuildFile; fileRef = A1920F9D22615A97007D50D2 /* OktaAuthStatusLockedOut.swift */; };
		A1920FBA22615A97007D50D2 /* OktaAuthStatusFactorEnrollActivate.swift in Sources */ = {isa = PBXBuildFile; fileRef = A1920F9E22615A97007D50D2 /* OktaAuthStatusFactorEnrollActivate.swift */; };
		A1920FBB22615A97007D50D2 /* OktaAuthStatusFactorEnrollActivate.swift in Sources */ = {isa = PBXBuildFile; fileRef = A1920F9E22615A97007D50D2 /* OktaAuthStatusFactorEnrollActivate.swift */; };
		A1920FBD22615A97007D50D2 /* OktaAuthStatusFactorRequired.swift in Sources */ = {isa = PBXBuildFile; fileRef = A1920F9F22615A97007D50D2 /* OktaAuthStatusFactorRequired.swift */; };
		A1920FBE22615A97007D50D2 /* OktaAuthStatusFactorRequired.swift in Sources */ = {isa = PBXBuildFile; fileRef = A1920F9F22615A97007D50D2 /* OktaAuthStatusFactorRequired.swift */; };
		A1920FC022615A97007D50D2 /* OktaAuthStatusPasswordWarning.swift in Sources */ = {isa = PBXBuildFile; fileRef = A1920FA022615A97007D50D2 /* OktaAuthStatusPasswordWarning.swift */; };
		A1920FC122615A97007D50D2 /* OktaAuthStatusPasswordWarning.swift in Sources */ = {isa = PBXBuildFile; fileRef = A1920FA022615A97007D50D2 /* OktaAuthStatusPasswordWarning.swift */; };
		A1920FC322615A97007D50D2 /* OktaAuthStatus.swift in Sources */ = {isa = PBXBuildFile; fileRef = A1920FA122615A97007D50D2 /* OktaAuthStatus.swift */; };
		A1920FC422615A97007D50D2 /* OktaAuthStatus.swift in Sources */ = {isa = PBXBuildFile; fileRef = A1920FA122615A97007D50D2 /* OktaAuthStatus.swift */; };
		A1920FC622615A97007D50D2 /* OktaAuthStatusFactorChallenge.swift in Sources */ = {isa = PBXBuildFile; fileRef = A1920FA222615A97007D50D2 /* OktaAuthStatusFactorChallenge.swift */; };
		A1920FC722615A97007D50D2 /* OktaAuthStatusFactorChallenge.swift in Sources */ = {isa = PBXBuildFile; fileRef = A1920FA222615A97007D50D2 /* OktaAuthStatusFactorChallenge.swift */; };
		A1920FC922615A97007D50D2 /* OktaAuthStatusSuccess.swift in Sources */ = {isa = PBXBuildFile; fileRef = A1920FA322615A97007D50D2 /* OktaAuthStatusSuccess.swift */; };
		A1920FCA22615A97007D50D2 /* OktaAuthStatusSuccess.swift in Sources */ = {isa = PBXBuildFile; fileRef = A1920FA322615A97007D50D2 /* OktaAuthStatusSuccess.swift */; };
		A1920FCC22615A97007D50D2 /* OktaAuthStatusRecovery.swift in Sources */ = {isa = PBXBuildFile; fileRef = A1920FA422615A97007D50D2 /* OktaAuthStatusRecovery.swift */; };
		A1920FCD22615A97007D50D2 /* OktaAuthStatusRecovery.swift in Sources */ = {isa = PBXBuildFile; fileRef = A1920FA422615A97007D50D2 /* OktaAuthStatusRecovery.swift */; };
		A1920FD222615AE5007D50D2 /* OktaAPI.swift in Sources */ = {isa = PBXBuildFile; fileRef = A1920FCF22615AE5007D50D2 /* OktaAPI.swift */; };
		A1920FD322615AE5007D50D2 /* OktaAPI.swift in Sources */ = {isa = PBXBuildFile; fileRef = A1920FCF22615AE5007D50D2 /* OktaAPI.swift */; };
		A1920FD522615AE5007D50D2 /* Utils.swift in Sources */ = {isa = PBXBuildFile; fileRef = A1920FD022615AE5007D50D2 /* Utils.swift */; };
		A1920FD622615AE5007D50D2 /* Utils.swift in Sources */ = {isa = PBXBuildFile; fileRef = A1920FD022615AE5007D50D2 /* Utils.swift */; };
		A1920FD822615AE5007D50D2 /* OktaAPIRequest.swift in Sources */ = {isa = PBXBuildFile; fileRef = A1920FD122615AE5007D50D2 /* OktaAPIRequest.swift */; };
		A1920FD922615AE5007D50D2 /* OktaAPIRequest.swift in Sources */ = {isa = PBXBuildFile; fileRef = A1920FD122615AE5007D50D2 /* OktaAPIRequest.swift */; };
		A1920FDE22615B2E007D50D2 /* OktaModels.swift in Sources */ = {isa = PBXBuildFile; fileRef = A1920FDB22615B2E007D50D2 /* OktaModels.swift */; };
		A1920FDF22615B2E007D50D2 /* OktaModels.swift in Sources */ = {isa = PBXBuildFile; fileRef = A1920FDB22615B2E007D50D2 /* OktaModels.swift */; };
		A1920FE122615B2E007D50D2 /* AuthState.swift in Sources */ = {isa = PBXBuildFile; fileRef = A1920FDC22615B2E007D50D2 /* AuthState.swift */; };
		A1920FE222615B2E007D50D2 /* AuthState.swift in Sources */ = {isa = PBXBuildFile; fileRef = A1920FDC22615B2E007D50D2 /* AuthState.swift */; };
		A1920FE422615B2E007D50D2 /* Types.swift in Sources */ = {isa = PBXBuildFile; fileRef = A1920FDD22615B2E007D50D2 /* Types.swift */; };
		A1920FE522615B2E007D50D2 /* Types.swift in Sources */ = {isa = PBXBuildFile; fileRef = A1920FDD22615B2E007D50D2 /* Types.swift */; };
		A1920FE822615B3B007D50D2 /* OktaFactorCall.swift in Sources */ = {isa = PBXBuildFile; fileRef = A1920FE722615B3B007D50D2 /* OktaFactorCall.swift */; };
		A1920FE922615B3B007D50D2 /* OktaFactorCall.swift in Sources */ = {isa = PBXBuildFile; fileRef = A1920FE722615B3B007D50D2 /* OktaFactorCall.swift */; };
		A1C06F14221DFFD8005E8369 /* PASSWORD_EXPIRED in Resources */ = {isa = PBXBuildFile; fileRef = A1C06F13221DFFD8005E8369 /* PASSWORD_EXPIRED */; };
		A1C06F16221E0037005E8369 /* PASSWORD_WARN in Resources */ = {isa = PBXBuildFile; fileRef = A1C06F15221E0037005E8369 /* PASSWORD_WARN */; };
		A1E746442282050F00C48A28 /* OktaAuthStatusRecoveryChallengeTests.swift in Sources */ = {isa = PBXBuildFile; fileRef = A1E746432282050F00C48A28 /* OktaAuthStatusRecoveryChallengeTests.swift */; };
		A1E74646228207A800C48A28 /* RECOVERY_CHALLENGE_EMAIL in Resources */ = {isa = PBXBuildFile; fileRef = A1E74645228207A800C48A28 /* RECOVERY_CHALLENGE_EMAIL */; };
		A1E746482282359B00C48A28 /* OktaAuthStatusRecoveryTests.swift in Sources */ = {isa = PBXBuildFile; fileRef = A1E746472282359B00C48A28 /* OktaAuthStatusRecoveryTests.swift */; };
		A1E7465622834B9800C48A28 /* Questions in Resources */ = {isa = PBXBuildFile; fileRef = A1E7465522834B9800C48A28 /* Questions */; };
		A1E74657228355FA00C48A28 /* Questions in Resources */ = {isa = PBXBuildFile; fileRef = A1E7465522834B9800C48A28 /* Questions */; };
		A1E7469B228372FC00C48A28 /* OktaFactorTokenTests.swift in Sources */ = {isa = PBXBuildFile; fileRef = A1E7469A228372FC00C48A28 /* OktaFactorTokenTests.swift */; };
		A1E7469D22837E7400C48A28 /* OktaFactorCallTests.swift in Sources */ = {isa = PBXBuildFile; fileRef = A1E7469C22837E7400C48A28 /* OktaFactorCallTests.swift */; };
		A1E7469F2283819700C48A28 /* MFA_ENROLL_ACTIVATE_CALL in Resources */ = {isa = PBXBuildFile; fileRef = A1E7469E2283819700C48A28 /* MFA_ENROLL_ACTIVATE_CALL */; };
		A1E746A0228381D400C48A28 /* MFA_ENROLL_ACTIVATE_CALL in Resources */ = {isa = PBXBuildFile; fileRef = A1E7469E2283819700C48A28 /* MFA_ENROLL_ACTIVATE_CALL */; };
		A1E746A22283830F00C48A28 /* OktaFactorOtherTests.swift in Sources */ = {isa = PBXBuildFile; fileRef = A1E746A12283830F00C48A28 /* OktaFactorOtherTests.swift */; };
		A1F9E599229DD7A400924F7A /* MFA_ENROLL_ACTIVATE_TOTP in Resources */ = {isa = PBXBuildFile; fileRef = A1F9E597229DD7A400924F7A /* MFA_ENROLL_ACTIVATE_TOTP */; };
		A1F9E59A229DD7A400924F7A /* SUCCESS_UNLOCK in Resources */ = {isa = PBXBuildFile; fileRef = A1F9E598229DD7A400924F7A /* SUCCESS_UNLOCK */; };
		A1FCB12F220A458F0026F522 /* OktaAPIMock.swift in Sources */ = {isa = PBXBuildFile; fileRef = A1FCB12E220A458F0026F522 /* OktaAPIMock.swift */; };
		FA4ED9A021C1499200A065A1 /* OktaAuth_iOS.h in Headers */ = {isa = PBXBuildFile; fileRef = FA4ED99E21C1499200A065A1 /* OktaAuth_iOS.h */; settings = {ATTRIBUTES = (Public, ); }; };
		FA4ED9AA21C2895B00A065A1 /* OktaError.swift in Sources */ = {isa = PBXBuildFile; fileRef = FA4ED9A921C2895B00A065A1 /* OktaError.swift */; };
		FA500E4A21C7FCD800444B1D /* OktaAuthNative.framework in Frameworks */ = {isa = PBXBuildFile; fileRef = FA4ED99B21C1499200A065A1 /* OktaAuthNative.framework */; };
/* End PBXBuildFile section */

/* Begin PBXContainerItemProxy section */
		FA500E4B21C7FCD800444B1D /* PBXContainerItemProxy */ = {
			isa = PBXContainerItemProxy;
			containerPortal = FA4ED99021C1489900A065A1 /* Project object */;
			proxyType = 1;
			remoteGlobalIDString = FA4ED99A21C1499200A065A1;
			remoteInfo = "OktaAuth iOS";
		};
/* End PBXContainerItemProxy section */

/* Begin PBXFileReference section */
		2F32C9D7229417DA003A6768 /* OktaAuthStatusUnauthenticatedTests.swift */ = {isa = PBXFileReference; lastKnownFileType = sourcecode.swift; path = OktaAuthStatusUnauthenticatedTests.swift; sourceTree = "<group>"; };
		2F32C9D9229422CF003A6768 /* TypesTests.swift */ = {isa = PBXFileReference; lastKnownFileType = sourcecode.swift; path = TypesTests.swift; sourceTree = "<group>"; };
		2F32C9DB2295419E003A6768 /* AuthStateTests.swift */ = {isa = PBXFileReference; lastKnownFileType = sourcecode.swift; path = AuthStateTests.swift; sourceTree = "<group>"; };
		2F7C3B6E2268AF1500A62FD4 /* OktaModelsTests.swift */ = {isa = PBXFileReference; fileEncoding = 4; lastKnownFileType = sourcecode.swift; path = OktaModelsTests.swift; sourceTree = "<group>"; };
		2F7C3B702268AF1500A62FD4 /* OktaAPITests.swift */ = {isa = PBXFileReference; fileEncoding = 4; lastKnownFileType = sourcecode.swift; path = OktaAPITests.swift; sourceTree = "<group>"; };
		2F7C3B712268AF1500A62FD4 /* OktaAPIRequestTests.swift */ = {isa = PBXFileReference; fileEncoding = 4; lastKnownFileType = sourcecode.swift; path = OktaAPIRequestTests.swift; sourceTree = "<group>"; };
		2F7C3B7D2268B83400A62FD4 /* OktaFactorPushTests.swift */ = {isa = PBXFileReference; lastKnownFileType = sourcecode.swift; path = OktaFactorPushTests.swift; sourceTree = "<group>"; };
		2F7C3B812268CE3A00A62FD4 /* MFA_ENROLL_NotEnrolled */ = {isa = PBXFileReference; lastKnownFileType = text; path = MFA_ENROLL_NotEnrolled; sourceTree = "<group>"; };
		2F7C3B832268CF7400A62FD4 /* MFA_ENROLL_ACTIVATE_SMS */ = {isa = PBXFileReference; lastKnownFileType = text; path = MFA_ENROLL_ACTIVATE_SMS; sourceTree = "<group>"; };
		2F7C3B852268D00B00A62FD4 /* MFA_ENROLL_PartiallyEnrolled */ = {isa = PBXFileReference; lastKnownFileType = text; path = MFA_ENROLL_PartiallyEnrolled; sourceTree = "<group>"; };
		2F7C3B872268D43600A62FD4 /* MFA_REQUIRED */ = {isa = PBXFileReference; lastKnownFileType = text; path = MFA_REQUIRED; sourceTree = "<group>"; };
		2F7C3B892268D4D700A62FD4 /* MFA_CHALLENGE_TOTP */ = {isa = PBXFileReference; lastKnownFileType = text; path = MFA_CHALLENGE_TOTP; sourceTree = "<group>"; };
		2F7C3B8B2268D50500A62FD4 /* SUCCESS */ = {isa = PBXFileReference; lastKnownFileType = text; path = SUCCESS; sourceTree = "<group>"; };
		2F7C3B8D2268D60E00A62FD4 /* MFA_ENROLL_ACTIVATE_Push */ = {isa = PBXFileReference; lastKnownFileType = text; path = MFA_ENROLL_ACTIVATE_Push; sourceTree = "<group>"; };
		2F7C3B8F2268D68000A62FD4 /* MFA_CHALLENGE_SMS */ = {isa = PBXFileReference; lastKnownFileType = text; path = MFA_CHALLENGE_SMS; sourceTree = "<group>"; };
		2F7C3B912268D73000A62FD4 /* MFA_CHALLENGE_WAITING_PUSH */ = {isa = PBXFileReference; lastKnownFileType = text; path = MFA_CHALLENGE_WAITING_PUSH; sourceTree = "<group>"; };
		2F7C3BB9226DE40200A62FD4 /* TestResponse.swift */ = {isa = PBXFileReference; fileEncoding = 4; lastKnownFileType = sourcecode.swift; path = TestResponse.swift; sourceTree = "<group>"; };
		2F7C3BBB226DEA3200A62FD4 /* OktaFactorTests.swift */ = {isa = PBXFileReference; lastKnownFileType = sourcecode.swift; path = OktaFactorTests.swift; sourceTree = "<group>"; };
		2F7C3BC8226F40BA00A62FD4 /* OktaFactorSmsTests.swift */ = {isa = PBXFileReference; lastKnownFileType = sourcecode.swift; path = OktaFactorSmsTests.swift; sourceTree = "<group>"; };
		2F7C3BCA226F40C800A62FD4 /* OktaFactorTotpTests.swift */ = {isa = PBXFileReference; lastKnownFileType = sourcecode.swift; path = OktaFactorTotpTests.swift; sourceTree = "<group>"; };
		2F7C3BCC226F40DA00A62FD4 /* OktaFactorQuestionTests.swift */ = {isa = PBXFileReference; lastKnownFileType = sourcecode.swift; path = OktaFactorQuestionTests.swift; sourceTree = "<group>"; };
		2F7C3BCF226F459C00A62FD4 /* OktaFactorTestCase.swift */ = {isa = PBXFileReference; lastKnownFileType = sourcecode.swift; path = OktaFactorTestCase.swift; sourceTree = "<group>"; };
		2F7C3BD1226F53F700A62FD4 /* OktaFactor+Mocking.swift */ = {isa = PBXFileReference; lastKnownFileType = sourcecode.swift; path = "OktaFactor+Mocking.swift"; sourceTree = "<group>"; };
		2F8155862270638B009FA6C5 /* OktaAuthStatusTests.swift */ = {isa = PBXFileReference; lastKnownFileType = sourcecode.swift; path = OktaAuthStatusTests.swift; sourceTree = "<group>"; };
		2F81558A22707E9C009FA6C5 /* OktaFactorResultProtocolMock.swift */ = {isa = PBXFileReference; fileEncoding = 4; lastKnownFileType = sourcecode.swift; path = OktaFactorResultProtocolMock.swift; sourceTree = "<group>"; };
		2F81558C22708395009FA6C5 /* OktaAuthStatus+Mocking.swift */ = {isa = PBXFileReference; lastKnownFileType = sourcecode.swift; path = "OktaAuthStatus+Mocking.swift"; sourceTree = "<group>"; };
		2F81558E22708B23009FA6C5 /* OktaAuthStatusResponseHandlerMock.swift */ = {isa = PBXFileReference; lastKnownFileType = sourcecode.swift; path = OktaAuthStatusResponseHandlerMock.swift; sourceTree = "<group>"; };
		2F8155902270A983009FA6C5 /* OktaAuthStatusResponseHandlerTests.swift */ = {isa = PBXFileReference; lastKnownFileType = sourcecode.swift; path = OktaAuthStatusResponseHandlerTests.swift; sourceTree = "<group>"; };
		2F8155922270B740009FA6C5 /* LOCKED_OUT */ = {isa = PBXFileReference; lastKnownFileType = text; path = LOCKED_OUT; sourceTree = "<group>"; };
		2F8155942270B85B009FA6C5 /* RECOVERY */ = {isa = PBXFileReference; lastKnownFileType = text; path = RECOVERY; sourceTree = "<group>"; };
		2F8155962270B878009FA6C5 /* RECOVERY_CHALLENGE_SMS */ = {isa = PBXFileReference; lastKnownFileType = text; path = RECOVERY_CHALLENGE_SMS; sourceTree = "<group>"; };
		2F8155982270B8AB009FA6C5 /* PASSWORD_RESET */ = {isa = PBXFileReference; lastKnownFileType = text; path = PASSWORD_RESET; sourceTree = "<group>"; };
		2F81559A2271AD3D009FA6C5 /* OktaAuthStatusFactorEnrollTests.swift */ = {isa = PBXFileReference; lastKnownFileType = sourcecode.swift; path = OktaAuthStatusFactorEnrollTests.swift; sourceTree = "<group>"; };
		2F81559C2271AD5B009FA6C5 /* OktaAuthStatusFactorEnrollActivateTests.swift */ = {isa = PBXFileReference; lastKnownFileType = sourcecode.swift; path = OktaAuthStatusFactorEnrollActivateTests.swift; sourceTree = "<group>"; };
		2F81559E2271AD76009FA6C5 /* OktaAuthStatusFactorRequiredTests.swift */ = {isa = PBXFileReference; lastKnownFileType = sourcecode.swift; path = OktaAuthStatusFactorRequiredTests.swift; sourceTree = "<group>"; };
		2F8155A02271AD91009FA6C5 /* OktaAuthStatusFactorChallengeTests.swift */ = {isa = PBXFileReference; lastKnownFileType = sourcecode.swift; path = OktaAuthStatusFactorChallengeTests.swift; sourceTree = "<group>"; };
		2F8155A22271EEC1009FA6C5 /* OktaAuthStatusPasswordExpiredTests.swift */ = {isa = PBXFileReference; lastKnownFileType = sourcecode.swift; path = OktaAuthStatusPasswordExpiredTests.swift; sourceTree = "<group>"; };
		2F8155A42271F352009FA6C5 /* OktaAuthStatusLockedOutTests.swift */ = {isa = PBXFileReference; lastKnownFileType = sourcecode.swift; path = OktaAuthStatusLockedOutTests.swift; sourceTree = "<group>"; };
		2F8155A62271F6DC009FA6C5 /* OktaAuthStatePasswordResetTests.swift */ = {isa = PBXFileReference; lastKnownFileType = sourcecode.swift; path = OktaAuthStatePasswordResetTests.swift; sourceTree = "<group>"; };
		2F8D79F321D6601600CFDF12 /* README.md */ = {isa = PBXFileReference; fileEncoding = 4; lastKnownFileType = net.daringfireball.markdown; path = README.md; sourceTree = "<group>"; };
		2FF5C85721D3A9E200EECA75 /* OperationNotAllowedError */ = {isa = PBXFileReference; explicitFileType = text.json; path = OperationNotAllowedError; sourceTree = "<group>"; };
		2FF5C85D21D3B15000EECA75 /* AuthenticationFailedError */ = {isa = PBXFileReference; lastKnownFileType = text; path = AuthenticationFailedError; sourceTree = "<group>"; };
		A12F4FF82238311A00DB9147 /* OktaAuthSdk.swift */ = {isa = PBXFileReference; lastKnownFileType = sourcecode.swift; path = OktaAuthSdk.swift; sourceTree = "<group>"; };
		A151096B2281FD3F009AF8EB /* OktaAuthStatusPasswordWarningTests.swift */ = {isa = PBXFileReference; lastKnownFileType = sourcecode.swift; path = OktaAuthStatusPasswordWarningTests.swift; sourceTree = "<group>"; };
		A1671552227BA90700E7801D /* Unknown_State_And_FactorResult */ = {isa = PBXFileReference; fileEncoding = 4; lastKnownFileType = text; path = Unknown_State_And_FactorResult; sourceTree = "<group>"; };
		A172512122E91B82007E460B /* E2ETests.swift */ = {isa = PBXFileReference; fileEncoding = 4; lastKnownFileType = sourcecode.swift; name = E2ETests.swift; path = Tests/E2E/E2ETests.swift; sourceTree = SOURCE_ROOT; };
		A179276C2229BDB90001C889 /* OktaAuthSdk.podspec */ = {isa = PBXFileReference; fileEncoding = 4; lastKnownFileType = text; path = OktaAuthSdk.podspec; sourceTree = "<group>"; };
		A1920F77225E64D0007D50D2 /* OktaFactor.swift */ = {isa = PBXFileReference; lastKnownFileType = sourcecode.swift; name = OktaFactor.swift; path = Factors/OktaFactor.swift; sourceTree = "<group>"; };
		A1920F7B225E67A1007D50D2 /* OktaFactorPush.swift */ = {isa = PBXFileReference; lastKnownFileType = sourcecode.swift; name = OktaFactorPush.swift; path = Factors/OktaFactorPush.swift; sourceTree = "<group>"; };
		A1920F7F225E81EE007D50D2 /* OktaFactorSms.swift */ = {isa = PBXFileReference; lastKnownFileType = sourcecode.swift; name = OktaFactorSms.swift; path = Factors/OktaFactorSms.swift; sourceTree = "<group>"; };
		A1920F87225E8224007D50D2 /* OktaFactorTotp.swift */ = {isa = PBXFileReference; lastKnownFileType = sourcecode.swift; name = OktaFactorTotp.swift; path = Factors/OktaFactorTotp.swift; sourceTree = "<group>"; };
		A1920F8B225E83E8007D50D2 /* OktaFactorQuestion.swift */ = {isa = PBXFileReference; lastKnownFileType = sourcecode.swift; name = OktaFactorQuestion.swift; path = Factors/OktaFactorQuestion.swift; sourceTree = "<group>"; };
		A1920F8F225E8406007D50D2 /* OktaFactorToken.swift */ = {isa = PBXFileReference; lastKnownFileType = sourcecode.swift; name = OktaFactorToken.swift; path = Factors/OktaFactorToken.swift; sourceTree = "<group>"; };
		A1920F93225E8478007D50D2 /* OktaFactorOther.swift */ = {isa = PBXFileReference; lastKnownFileType = sourcecode.swift; name = OktaFactorOther.swift; path = Factors/OktaFactorOther.swift; sourceTree = "<group>"; };
		A1920F9722615A97007D50D2 /* OktaAuthStatusRecoveryChallenge.swift */ = {isa = PBXFileReference; fileEncoding = 4; lastKnownFileType = sourcecode.swift; name = OktaAuthStatusRecoveryChallenge.swift; path = Statuses/OktaAuthStatusRecoveryChallenge.swift; sourceTree = "<group>"; };
		A1920F9822615A97007D50D2 /* OktaAuthStatePasswordReset.swift */ = {isa = PBXFileReference; fileEncoding = 4; lastKnownFileType = sourcecode.swift; name = OktaAuthStatePasswordReset.swift; path = Statuses/OktaAuthStatePasswordReset.swift; sourceTree = "<group>"; };
		A1920F9922615A97007D50D2 /* OktaAuthStatusFactorEnroll.swift */ = {isa = PBXFileReference; fileEncoding = 4; lastKnownFileType = sourcecode.swift; name = OktaAuthStatusFactorEnroll.swift; path = Statuses/OktaAuthStatusFactorEnroll.swift; sourceTree = "<group>"; };
		A1920F9A22615A97007D50D2 /* OktaAuthStatusUnauthenticated.swift */ = {isa = PBXFileReference; fileEncoding = 4; lastKnownFileType = sourcecode.swift; name = OktaAuthStatusUnauthenticated.swift; path = Statuses/OktaAuthStatusUnauthenticated.swift; sourceTree = "<group>"; };
		A1920F9B22615A97007D50D2 /* OktaAuthStatusPasswordExpired.swift */ = {isa = PBXFileReference; fileEncoding = 4; lastKnownFileType = sourcecode.swift; name = OktaAuthStatusPasswordExpired.swift; path = Statuses/OktaAuthStatusPasswordExpired.swift; sourceTree = "<group>"; };
		A1920F9C22615A97007D50D2 /* OktaAuthStatusResponseHandler.swift */ = {isa = PBXFileReference; fileEncoding = 4; lastKnownFileType = sourcecode.swift; name = OktaAuthStatusResponseHandler.swift; path = Statuses/OktaAuthStatusResponseHandler.swift; sourceTree = "<group>"; };
		A1920F9D22615A97007D50D2 /* OktaAuthStatusLockedOut.swift */ = {isa = PBXFileReference; fileEncoding = 4; lastKnownFileType = sourcecode.swift; name = OktaAuthStatusLockedOut.swift; path = Statuses/OktaAuthStatusLockedOut.swift; sourceTree = "<group>"; };
		A1920F9E22615A97007D50D2 /* OktaAuthStatusFactorEnrollActivate.swift */ = {isa = PBXFileReference; fileEncoding = 4; lastKnownFileType = sourcecode.swift; name = OktaAuthStatusFactorEnrollActivate.swift; path = Statuses/OktaAuthStatusFactorEnrollActivate.swift; sourceTree = "<group>"; };
		A1920F9F22615A97007D50D2 /* OktaAuthStatusFactorRequired.swift */ = {isa = PBXFileReference; fileEncoding = 4; lastKnownFileType = sourcecode.swift; name = OktaAuthStatusFactorRequired.swift; path = Statuses/OktaAuthStatusFactorRequired.swift; sourceTree = "<group>"; };
		A1920FA022615A97007D50D2 /* OktaAuthStatusPasswordWarning.swift */ = {isa = PBXFileReference; fileEncoding = 4; lastKnownFileType = sourcecode.swift; name = OktaAuthStatusPasswordWarning.swift; path = Statuses/OktaAuthStatusPasswordWarning.swift; sourceTree = "<group>"; };
		A1920FA122615A97007D50D2 /* OktaAuthStatus.swift */ = {isa = PBXFileReference; fileEncoding = 4; lastKnownFileType = sourcecode.swift; name = OktaAuthStatus.swift; path = Statuses/OktaAuthStatus.swift; sourceTree = "<group>"; };
		A1920FA222615A97007D50D2 /* OktaAuthStatusFactorChallenge.swift */ = {isa = PBXFileReference; fileEncoding = 4; lastKnownFileType = sourcecode.swift; name = OktaAuthStatusFactorChallenge.swift; path = Statuses/OktaAuthStatusFactorChallenge.swift; sourceTree = "<group>"; };
		A1920FA322615A97007D50D2 /* OktaAuthStatusSuccess.swift */ = {isa = PBXFileReference; fileEncoding = 4; lastKnownFileType = sourcecode.swift; name = OktaAuthStatusSuccess.swift; path = Statuses/OktaAuthStatusSuccess.swift; sourceTree = "<group>"; };
		A1920FA422615A97007D50D2 /* OktaAuthStatusRecovery.swift */ = {isa = PBXFileReference; fileEncoding = 4; lastKnownFileType = sourcecode.swift; name = OktaAuthStatusRecovery.swift; path = Statuses/OktaAuthStatusRecovery.swift; sourceTree = "<group>"; };
		A1920FCF22615AE5007D50D2 /* OktaAPI.swift */ = {isa = PBXFileReference; fileEncoding = 4; lastKnownFileType = sourcecode.swift; name = OktaAPI.swift; path = RestAPI/OktaAPI.swift; sourceTree = "<group>"; };
		A1920FD022615AE5007D50D2 /* Utils.swift */ = {isa = PBXFileReference; fileEncoding = 4; lastKnownFileType = sourcecode.swift; name = Utils.swift; path = RestAPI/Utils.swift; sourceTree = "<group>"; };
		A1920FD122615AE5007D50D2 /* OktaAPIRequest.swift */ = {isa = PBXFileReference; fileEncoding = 4; lastKnownFileType = sourcecode.swift; name = OktaAPIRequest.swift; path = RestAPI/OktaAPIRequest.swift; sourceTree = "<group>"; };
		A1920FDB22615B2E007D50D2 /* OktaModels.swift */ = {isa = PBXFileReference; fileEncoding = 4; lastKnownFileType = sourcecode.swift; name = OktaModels.swift; path = DomainObjects/OktaModels.swift; sourceTree = "<group>"; };
		A1920FDC22615B2E007D50D2 /* AuthState.swift */ = {isa = PBXFileReference; fileEncoding = 4; lastKnownFileType = sourcecode.swift; name = AuthState.swift; path = DomainObjects/AuthState.swift; sourceTree = "<group>"; };
		A1920FDD22615B2E007D50D2 /* Types.swift */ = {isa = PBXFileReference; fileEncoding = 4; lastKnownFileType = sourcecode.swift; name = Types.swift; path = DomainObjects/Types.swift; sourceTree = "<group>"; };
		A1920FE722615B3B007D50D2 /* OktaFactorCall.swift */ = {isa = PBXFileReference; fileEncoding = 4; lastKnownFileType = sourcecode.swift; name = OktaFactorCall.swift; path = Factors/OktaFactorCall.swift; sourceTree = "<group>"; };
		A1C06F13221DFFD8005E8369 /* PASSWORD_EXPIRED */ = {isa = PBXFileReference; fileEncoding = 4; lastKnownFileType = text; path = PASSWORD_EXPIRED; sourceTree = "<group>"; };
		A1C06F15221E0037005E8369 /* PASSWORD_WARN */ = {isa = PBXFileReference; fileEncoding = 4; lastKnownFileType = text; path = PASSWORD_WARN; sourceTree = "<group>"; };
		A1E746432282050F00C48A28 /* OktaAuthStatusRecoveryChallengeTests.swift */ = {isa = PBXFileReference; lastKnownFileType = sourcecode.swift; path = OktaAuthStatusRecoveryChallengeTests.swift; sourceTree = "<group>"; };
		A1E74645228207A800C48A28 /* RECOVERY_CHALLENGE_EMAIL */ = {isa = PBXFileReference; lastKnownFileType = text.xml; path = RECOVERY_CHALLENGE_EMAIL; sourceTree = "<group>"; };
		A1E746472282359B00C48A28 /* OktaAuthStatusRecoveryTests.swift */ = {isa = PBXFileReference; lastKnownFileType = sourcecode.swift; path = OktaAuthStatusRecoveryTests.swift; sourceTree = "<group>"; };
		A1E7465522834B9800C48A28 /* Questions */ = {isa = PBXFileReference; lastKnownFileType = text; path = Questions; sourceTree = "<group>"; };
		A1E7469A228372FC00C48A28 /* OktaFactorTokenTests.swift */ = {isa = PBXFileReference; lastKnownFileType = sourcecode.swift; path = OktaFactorTokenTests.swift; sourceTree = "<group>"; };
		A1E7469C22837E7400C48A28 /* OktaFactorCallTests.swift */ = {isa = PBXFileReference; lastKnownFileType = sourcecode.swift; path = OktaFactorCallTests.swift; sourceTree = "<group>"; };
		A1E7469E2283819700C48A28 /* MFA_ENROLL_ACTIVATE_CALL */ = {isa = PBXFileReference; lastKnownFileType = text; path = MFA_ENROLL_ACTIVATE_CALL; sourceTree = "<group>"; };
		A1E746A12283830F00C48A28 /* OktaFactorOtherTests.swift */ = {isa = PBXFileReference; lastKnownFileType = sourcecode.swift; path = OktaFactorOtherTests.swift; sourceTree = "<group>"; };
		A1F9E597229DD7A400924F7A /* MFA_ENROLL_ACTIVATE_TOTP */ = {isa = PBXFileReference; fileEncoding = 4; lastKnownFileType = text; path = MFA_ENROLL_ACTIVATE_TOTP; sourceTree = "<group>"; };
		A1F9E598229DD7A400924F7A /* SUCCESS_UNLOCK */ = {isa = PBXFileReference; fileEncoding = 4; lastKnownFileType = text; path = SUCCESS_UNLOCK; sourceTree = "<group>"; };
		A1FCB12E220A458F0026F522 /* OktaAPIMock.swift */ = {isa = PBXFileReference; lastKnownFileType = sourcecode.swift; path = OktaAPIMock.swift; sourceTree = "<group>"; };
		FA4ED99B21C1499200A065A1 /* OktaAuthNative.framework */ = {isa = PBXFileReference; explicitFileType = wrapper.framework; includeInIndex = 0; path = OktaAuthNative.framework; sourceTree = BUILT_PRODUCTS_DIR; };
		FA4ED99E21C1499200A065A1 /* OktaAuth_iOS.h */ = {isa = PBXFileReference; lastKnownFileType = sourcecode.c.h; path = OktaAuth_iOS.h; sourceTree = "<group>"; };
		FA4ED99F21C1499200A065A1 /* Info.plist */ = {isa = PBXFileReference; lastKnownFileType = text.plist.xml; path = Info.plist; sourceTree = "<group>"; };
		FA4ED9A921C2895B00A065A1 /* OktaError.swift */ = {isa = PBXFileReference; lastKnownFileType = sourcecode.swift; path = OktaError.swift; sourceTree = "<group>"; };
		FA500E4521C7FCD800444B1D /* OktaAuthNative iOS Tests.xctest */ = {isa = PBXFileReference; explicitFileType = wrapper.cfbundle; includeInIndex = 0; path = "OktaAuthNative iOS Tests.xctest"; sourceTree = BUILT_PRODUCTS_DIR; };
		FA500E4921C7FCD800444B1D /* Info.plist */ = {isa = PBXFileReference; lastKnownFileType = text.plist.xml; path = Info.plist; sourceTree = "<group>"; };
/* End PBXFileReference section */

/* Begin PBXFrameworksBuildPhase section */
		FA4ED99821C1499200A065A1 /* Frameworks */ = {
			isa = PBXFrameworksBuildPhase;
			buildActionMask = 2147483647;
			files = (
			);
			runOnlyForDeploymentPostprocessing = 0;
		};
		FA500E4221C7FCD800444B1D /* Frameworks */ = {
			isa = PBXFrameworksBuildPhase;
			buildActionMask = 2147483647;
			files = (
				FA500E4A21C7FCD800444B1D /* OktaAuthNative.framework in Frameworks */,
			);
			runOnlyForDeploymentPostprocessing = 0;
		};
/* End PBXFrameworksBuildPhase section */

/* Begin PBXGroup section */
		2F7C3B6C2268AF1500A62FD4 /* Factors */ = {
			isa = PBXGroup;
			children = (
				2F7C3BCF226F459C00A62FD4 /* OktaFactorTestCase.swift */,
				2F7C3BBB226DEA3200A62FD4 /* OktaFactorTests.swift */,
				2F7C3B7D2268B83400A62FD4 /* OktaFactorPushTests.swift */,
				2F7C3BC8226F40BA00A62FD4 /* OktaFactorSmsTests.swift */,
				2F7C3BCA226F40C800A62FD4 /* OktaFactorTotpTests.swift */,
				2F7C3BCC226F40DA00A62FD4 /* OktaFactorQuestionTests.swift */,
				A1E7469A228372FC00C48A28 /* OktaFactorTokenTests.swift */,
				A1E7469C22837E7400C48A28 /* OktaFactorCallTests.swift */,
				A1E746A12283830F00C48A28 /* OktaFactorOtherTests.swift */,
			);
			path = Factors;
			sourceTree = "<group>";
		};
		2F7C3B6D2268AF1500A62FD4 /* DomainObjects */ = {
			isa = PBXGroup;
			children = (
				2F7C3B6E2268AF1500A62FD4 /* OktaModelsTests.swift */,
				2F32C9D9229422CF003A6768 /* TypesTests.swift */,
				2F32C9DB2295419E003A6768 /* AuthStateTests.swift */,
			);
			path = DomainObjects;
			sourceTree = "<group>";
		};
		2F7C3B6F2268AF1500A62FD4 /* RestAPI */ = {
			isa = PBXGroup;
			children = (
				2F7C3B702268AF1500A62FD4 /* OktaAPITests.swift */,
				2F7C3B712268AF1500A62FD4 /* OktaAPIRequestTests.swift */,
			);
			path = RestAPI;
			sourceTree = "<group>";
		};
		2F7C3B722268AF1500A62FD4 /* Statuses */ = {
			isa = PBXGroup;
			children = (
				2F8155902270A983009FA6C5 /* OktaAuthStatusResponseHandlerTests.swift */,
				2F8155862270638B009FA6C5 /* OktaAuthStatusTests.swift */,
				2F81559A2271AD3D009FA6C5 /* OktaAuthStatusFactorEnrollTests.swift */,
				2F81559C2271AD5B009FA6C5 /* OktaAuthStatusFactorEnrollActivateTests.swift */,
				2F81559E2271AD76009FA6C5 /* OktaAuthStatusFactorRequiredTests.swift */,
				2F8155A02271AD91009FA6C5 /* OktaAuthStatusFactorChallengeTests.swift */,
				2F8155A22271EEC1009FA6C5 /* OktaAuthStatusPasswordExpiredTests.swift */,
				2F8155A62271F6DC009FA6C5 /* OktaAuthStatePasswordResetTests.swift */,
				2F8155A42271F352009FA6C5 /* OktaAuthStatusLockedOutTests.swift */,
				A151096B2281FD3F009AF8EB /* OktaAuthStatusPasswordWarningTests.swift */,
				A1E746432282050F00C48A28 /* OktaAuthStatusRecoveryChallengeTests.swift */,
				A1E746472282359B00C48A28 /* OktaAuthStatusRecoveryTests.swift */,
				2F32C9D7229417DA003A6768 /* OktaAuthStatusUnauthenticatedTests.swift */,
			);
			path = Statuses;
			sourceTree = "<group>";
		};
		2F7C3BB8226DE40200A62FD4 /* Utils */ = {
			isa = PBXGroup;
			children = (
				2F7C3BB9226DE40200A62FD4 /* TestResponse.swift */,
			);
			path = Utils;
			sourceTree = "<group>";
		};
		2FF5C85021D1076100EECA75 /* Resources */ = {
			isa = PBXGroup;
			children = (
				A1F9E597229DD7A400924F7A /* MFA_ENROLL_ACTIVATE_TOTP */,
				A1F9E598229DD7A400924F7A /* SUCCESS_UNLOCK */,
				2FF5C85721D3A9E200EECA75 /* OperationNotAllowedError */,
				2FF5C85D21D3B15000EECA75 /* AuthenticationFailedError */,
				2F7C3B812268CE3A00A62FD4 /* MFA_ENROLL_NotEnrolled */,
				2F7C3B852268D00B00A62FD4 /* MFA_ENROLL_PartiallyEnrolled */,
				2F7C3B832268CF7400A62FD4 /* MFA_ENROLL_ACTIVATE_SMS */,
				2F7C3B8D2268D60E00A62FD4 /* MFA_ENROLL_ACTIVATE_Push */,
				2F7C3B872268D43600A62FD4 /* MFA_REQUIRED */,
				2F7C3B8F2268D68000A62FD4 /* MFA_CHALLENGE_SMS */,
				2F7C3B892268D4D700A62FD4 /* MFA_CHALLENGE_TOTP */,
				2F7C3B912268D73000A62FD4 /* MFA_CHALLENGE_WAITING_PUSH */,
				2F7C3B8B2268D50500A62FD4 /* SUCCESS */,
				A1C06F15221E0037005E8369 /* PASSWORD_WARN */,
				A1C06F13221DFFD8005E8369 /* PASSWORD_EXPIRED */,
				2F8155982270B8AB009FA6C5 /* PASSWORD_RESET */,
				2F8155922270B740009FA6C5 /* LOCKED_OUT */,
				2F8155942270B85B009FA6C5 /* RECOVERY */,
				2F8155962270B878009FA6C5 /* RECOVERY_CHALLENGE_SMS */,
				A1E74645228207A800C48A28 /* RECOVERY_CHALLENGE_EMAIL */,
				A1E7465522834B9800C48A28 /* Questions */,
				A1E7469E2283819700C48A28 /* MFA_ENROLL_ACTIVATE_CALL */,
				A1671552227BA90700E7801D /* Unknown_State_And_FactorResult */,
			);
			path = Resources;
			sourceTree = "<group>";
		};
		A12F4FD62238259600DB9147 /* Statuses */ = {
			isa = PBXGroup;
			children = (
				A1920F9C22615A97007D50D2 /* OktaAuthStatusResponseHandler.swift */,
				A1920FA122615A97007D50D2 /* OktaAuthStatus.swift */,
				A1920F9A22615A97007D50D2 /* OktaAuthStatusUnauthenticated.swift */,
				A1920FA322615A97007D50D2 /* OktaAuthStatusSuccess.swift */,
				A1920F9922615A97007D50D2 /* OktaAuthStatusFactorEnroll.swift */,
				A1920F9E22615A97007D50D2 /* OktaAuthStatusFactorEnrollActivate.swift */,
				A1920F9F22615A97007D50D2 /* OktaAuthStatusFactorRequired.swift */,
				A1920FA222615A97007D50D2 /* OktaAuthStatusFactorChallenge.swift */,
				A1920F9B22615A97007D50D2 /* OktaAuthStatusPasswordExpired.swift */,
				A1920FA022615A97007D50D2 /* OktaAuthStatusPasswordWarning.swift */,
				A1920FA422615A97007D50D2 /* OktaAuthStatusRecovery.swift */,
				A1920F9722615A97007D50D2 /* OktaAuthStatusRecoveryChallenge.swift */,
				A1920F9822615A97007D50D2 /* OktaAuthStatePasswordReset.swift */,
				A1920F9D22615A97007D50D2 /* OktaAuthStatusLockedOut.swift */,
			);
			name = Statuses;
			sourceTree = "<group>";
		};
		A12F4FFE22386C9C00DB9147 /* DomainObjects */ = {
			isa = PBXGroup;
			children = (
				A1920FDC22615B2E007D50D2 /* AuthState.swift */,
				A1920FDB22615B2E007D50D2 /* OktaModels.swift */,
				A1920FDD22615B2E007D50D2 /* Types.swift */,
			);
			name = DomainObjects;
			sourceTree = "<group>";
		};
		A12F4FFF22386CCF00DB9147 /* RestAPI */ = {
			isa = PBXGroup;
			children = (
				A1920FCF22615AE5007D50D2 /* OktaAPI.swift */,
				A1920FD122615AE5007D50D2 /* OktaAPIRequest.swift */,
				A1920FD022615AE5007D50D2 /* Utils.swift */,
			);
			name = RestAPI;
			sourceTree = "<group>";
		};
		A172512022E91B1C007E460B /* E2E */ = {
			isa = PBXGroup;
			children = (
				A172512122E91B82007E460B /* E2ETests.swift */,
			);
			name = E2E;
			path = "New Group";
			sourceTree = "<group>";
		};
		A1920F76225E6396007D50D2 /* Factors */ = {
			isa = PBXGroup;
			children = (
				A1920F77225E64D0007D50D2 /* OktaFactor.swift */,
				A1920F7B225E67A1007D50D2 /* OktaFactorPush.swift */,
				A1920F7F225E81EE007D50D2 /* OktaFactorSms.swift */,
				A1920FE722615B3B007D50D2 /* OktaFactorCall.swift */,
				A1920F87225E8224007D50D2 /* OktaFactorTotp.swift */,
				A1920F8B225E83E8007D50D2 /* OktaFactorQuestion.swift */,
				A1920F8F225E8406007D50D2 /* OktaFactorToken.swift */,
				A1920F93225E8478007D50D2 /* OktaFactorOther.swift */,
			);
			name = Factors;
			sourceTree = "<group>";
		};
		A1FCB129220A416F0026F522 /* Mocks */ = {
			isa = PBXGroup;
			children = (
				A1FCB12E220A458F0026F522 /* OktaAPIMock.swift */,
				2F81558A22707E9C009FA6C5 /* OktaFactorResultProtocolMock.swift */,
				2F81558E22708B23009FA6C5 /* OktaAuthStatusResponseHandlerMock.swift */,
				2F7C3BD1226F53F700A62FD4 /* OktaFactor+Mocking.swift */,
				2F81558C22708395009FA6C5 /* OktaAuthStatus+Mocking.swift */,
			);
			path = Mocks;
			sourceTree = "<group>";
		};
		FA4ED98F21C1489900A065A1 = {
			isa = PBXGroup;
			children = (
				2F8D79F321D6601600CFDF12 /* README.md */,
				A179276C2229BDB90001C889 /* OktaAuthSdk.podspec */,
				FA4ED9A421C149FC00A065A1 /* Source */,
				FA500E4621C7FCD800444B1D /* Tests */,
				FA4ED99C21C1499200A065A1 /* Products */,
			);
			sourceTree = "<group>";
		};
		FA4ED99C21C1499200A065A1 /* Products */ = {
			isa = PBXGroup;
			children = (
				FA4ED99B21C1499200A065A1 /* OktaAuthNative.framework */,
				FA500E4521C7FCD800444B1D /* OktaAuthNative iOS Tests.xctest */,
			);
			name = Products;
			sourceTree = "<group>";
		};
		FA4ED9A421C149FC00A065A1 /* Source */ = {
			isa = PBXGroup;
			children = (
				A12F4FFF22386CCF00DB9147 /* RestAPI */,
				A12F4FFE22386C9C00DB9147 /* DomainObjects */,
				A1920F76225E6396007D50D2 /* Factors */,
				A12F4FD62238259600DB9147 /* Statuses */,
				A12F4FF82238311A00DB9147 /* OktaAuthSdk.swift */,
				FA4ED9A921C2895B00A065A1 /* OktaError.swift */,
				FAC5AEDA21C7F6F000C3DC91 /* Supporting Files */,
			);
			path = Source;
			sourceTree = "<group>";
		};
		FA500E4621C7FCD800444B1D /* Tests */ = {
			isa = PBXGroup;
			children = (
				A172512022E91B1C007E460B /* E2E */,
				A1FCB129220A416F0026F522 /* Mocks */,
				2F7C3BB8226DE40200A62FD4 /* Utils */,
				2F7C3B6D2268AF1500A62FD4 /* DomainObjects */,
				2F7C3B6C2268AF1500A62FD4 /* Factors */,
				2F7C3B6F2268AF1500A62FD4 /* RestAPI */,
				2F7C3B722268AF1500A62FD4 /* Statuses */,
				2FF5C85021D1076100EECA75 /* Resources */,
				FA500E4921C7FCD800444B1D /* Info.plist */,
			);
			path = Tests;
			sourceTree = "<group>";
		};
		FAC5AEDA21C7F6F000C3DC91 /* Supporting Files */ = {
			isa = PBXGroup;
			children = (
				FA4ED99E21C1499200A065A1 /* OktaAuth_iOS.h */,
				FA4ED99F21C1499200A065A1 /* Info.plist */,
			);
			name = "Supporting Files";
			sourceTree = "<group>";
		};
/* End PBXGroup section */

/* Begin PBXHeadersBuildPhase section */
		FA4ED99621C1499200A065A1 /* Headers */ = {
			isa = PBXHeadersBuildPhase;
			buildActionMask = 2147483647;
			files = (
				FA4ED9A021C1499200A065A1 /* OktaAuth_iOS.h in Headers */,
			);
			runOnlyForDeploymentPostprocessing = 0;
		};
/* End PBXHeadersBuildPhase section */

/* Begin PBXNativeTarget section */
		FA4ED99A21C1499200A065A1 /* OktaAuthNative iOS */ = {
			isa = PBXNativeTarget;
			buildConfigurationList = FA4ED9A121C1499200A065A1 /* Build configuration list for PBXNativeTarget "OktaAuthNative iOS" */;
			buildPhases = (
				FA4ED99621C1499200A065A1 /* Headers */,
				FA4ED99721C1499200A065A1 /* Sources */,
				FA4ED99821C1499200A065A1 /* Frameworks */,
				FA4ED99921C1499200A065A1 /* Resources */,
			);
			buildRules = (
			);
			dependencies = (
			);
			name = "OktaAuthNative iOS";
			productName = "OktaAuth iOS";
			productReference = FA4ED99B21C1499200A065A1 /* OktaAuthNative.framework */;
			productType = "com.apple.product-type.framework";
		};
		FA500E4421C7FCD800444B1D /* OktaAuthNative iOS Tests */ = {
			isa = PBXNativeTarget;
			buildConfigurationList = FA500E4D21C7FCD800444B1D /* Build configuration list for PBXNativeTarget "OktaAuthNative iOS Tests" */;
			buildPhases = (
				FA500E4121C7FCD800444B1D /* Sources */,
				FA500E4221C7FCD800444B1D /* Frameworks */,
				FA500E4321C7FCD800444B1D /* Resources */,
			);
			buildRules = (
			);
			dependencies = (
				FA500E4C21C7FCD800444B1D /* PBXTargetDependency */,
			);
			name = "OktaAuthNative iOS Tests";
			productName = "OktaAuth iOS Tests";
			productReference = FA500E4521C7FCD800444B1D /* OktaAuthNative iOS Tests.xctest */;
			productType = "com.apple.product-type.bundle.unit-test";
		};
/* End PBXNativeTarget section */

/* Begin PBXProject section */
		FA4ED99021C1489900A065A1 /* Project object */ = {
			isa = PBXProject;
			attributes = {
				LastSwiftUpdateCheck = 1010;
				LastUpgradeCheck = 1010;
				TargetAttributes = {
					FA4ED99A21C1499200A065A1 = {
						CreatedOnToolsVersion = 10.1;
						LastSwiftMigration = 1010;
					};
					FA500E4421C7FCD800444B1D = {
						CreatedOnToolsVersion = 10.1;
					};
				};
			};
			buildConfigurationList = FA4ED99321C1489900A065A1 /* Build configuration list for PBXProject "OktaAuthNative" */;
			compatibilityVersion = "Xcode 9.3";
			developmentRegion = en;
			hasScannedForEncodings = 0;
			knownRegions = (
				en,
				Base,
			);
			mainGroup = FA4ED98F21C1489900A065A1;
			productRefGroup = FA4ED99C21C1499200A065A1 /* Products */;
			projectDirPath = "";
			projectRoot = "";
			targets = (
				FA4ED99A21C1499200A065A1 /* OktaAuthNative iOS */,
				FA500E4421C7FCD800444B1D /* OktaAuthNative iOS Tests */,
			);
		};
/* End PBXProject section */

/* Begin PBXResourcesBuildPhase section */
		FA4ED99921C1499200A065A1 /* Resources */ = {
			isa = PBXResourcesBuildPhase;
			buildActionMask = 2147483647;
			files = (
				A1E7465622834B9800C48A28 /* Questions in Resources */,
				A179276D2229BDB90001C889 /* OktaAuthSdk.podspec in Resources */,
				A1E7469F2283819700C48A28 /* MFA_ENROLL_ACTIVATE_CALL in Resources */,
				2F8D79F421D6601600CFDF12 /* README.md in Resources */,
			);
			runOnlyForDeploymentPostprocessing = 0;
		};
		FA500E4321C7FCD800444B1D /* Resources */ = {
			isa = PBXResourcesBuildPhase;
			buildActionMask = 2147483647;
			files = (
				A1E746A0228381D400C48A28 /* MFA_ENROLL_ACTIVATE_CALL in Resources */,
				A1F9E599229DD7A400924F7A /* MFA_ENROLL_ACTIVATE_TOTP in Resources */,
				A1E74657228355FA00C48A28 /* Questions in Resources */,
				2F8155952270B85B009FA6C5 /* RECOVERY in Resources */,
				A1C06F16221E0037005E8369 /* PASSWORD_WARN in Resources */,
				A1F9E59A229DD7A400924F7A /* SUCCESS_UNLOCK in Resources */,
				2F8155992270B8AB009FA6C5 /* PASSWORD_RESET in Resources */,
				A1C06F14221DFFD8005E8369 /* PASSWORD_EXPIRED in Resources */,
				2F8155972270B878009FA6C5 /* RECOVERY_CHALLENGE_SMS in Resources */,
				2F7C3BC2226DED2300A62FD4 /* MFA_ENROLL_ACTIVATE_Push in Resources */,
				2F7C3BC4226DED2300A62FD4 /* MFA_CHALLENGE_SMS in Resources */,
				2F7C3BC3226DED2300A62FD4 /* MFA_REQUIRED in Resources */,
				2FF5C85E21D3B15000EECA75 /* AuthenticationFailedError in Resources */,
				2F8155932270B740009FA6C5 /* LOCKED_OUT in Resources */,
				2F7C3BBF226DED2300A62FD4 /* MFA_ENROLL_NotEnrolled in Resources */,
				2FF5C85921D3A9E700EECA75 /* OperationNotAllowedError in Resources */,
				A1671554227BA90700E7801D /* Unknown_State_And_FactorResult in Resources */,
				2F7C3BC0226DED2300A62FD4 /* MFA_ENROLL_PartiallyEnrolled in Resources */,
				2F7C3BC1226DED2300A62FD4 /* MFA_ENROLL_ACTIVATE_SMS in Resources */,
				2F7C3BC5226DED2300A62FD4 /* MFA_CHALLENGE_TOTP in Resources */,
				2F7C3BBE226DED1E00A62FD4 /* MFA_CHALLENGE_WAITING_PUSH in Resources */,
				A1E74646228207A800C48A28 /* RECOVERY_CHALLENGE_EMAIL in Resources */,
				2F7C3BBD226DED1B00A62FD4 /* SUCCESS in Resources */,
			);
			runOnlyForDeploymentPostprocessing = 0;
		};
/* End PBXResourcesBuildPhase section */

/* Begin PBXSourcesBuildPhase section */
		FA4ED99721C1499200A065A1 /* Sources */ = {
			isa = PBXSourcesBuildPhase;
			buildActionMask = 2147483647;
			files = (
				FA4ED9AA21C2895B00A065A1 /* OktaError.swift in Sources */,
				A1920F78225E64D0007D50D2 /* OktaFactor.swift in Sources */,
				A1920FE422615B2E007D50D2 /* Types.swift in Sources */,
				A1920FD822615AE5007D50D2 /* OktaAPIRequest.swift in Sources */,
				A1920FA822615A97007D50D2 /* OktaAuthStatePasswordReset.swift in Sources */,
				A1920FBA22615A97007D50D2 /* OktaAuthStatusFactorEnrollActivate.swift in Sources */,
				A1920FB722615A97007D50D2 /* OktaAuthStatusLockedOut.swift in Sources */,
				A1920FD522615AE5007D50D2 /* Utils.swift in Sources */,
				A1920FC322615A97007D50D2 /* OktaAuthStatus.swift in Sources */,
				A1920FE822615B3B007D50D2 /* OktaFactorCall.swift in Sources */,
				A1920FAE22615A97007D50D2 /* OktaAuthStatusUnauthenticated.swift in Sources */,
				A1920FBD22615A97007D50D2 /* OktaAuthStatusFactorRequired.swift in Sources */,
				A1920FAB22615A97007D50D2 /* OktaAuthStatusFactorEnroll.swift in Sources */,
				A1920FB122615A97007D50D2 /* OktaAuthStatusPasswordExpired.swift in Sources */,
				A1920F8C225E83E8007D50D2 /* OktaFactorQuestion.swift in Sources */,
				A1920FC622615A97007D50D2 /* OktaAuthStatusFactorChallenge.swift in Sources */,
				A1920F90225E8406007D50D2 /* OktaFactorToken.swift in Sources */,
				A1920F88225E8224007D50D2 /* OktaFactorTotp.swift in Sources */,
				A1920FB422615A97007D50D2 /* OktaAuthStatusResponseHandler.swift in Sources */,
				A1920FA522615A97007D50D2 /* OktaAuthStatusRecoveryChallenge.swift in Sources */,
				A12F4FF92238311A00DB9147 /* OktaAuthSdk.swift in Sources */,
				A1920F80225E81EE007D50D2 /* OktaFactorSms.swift in Sources */,
				A1920FC022615A97007D50D2 /* OktaAuthStatusPasswordWarning.swift in Sources */,
				A1920FDE22615B2E007D50D2 /* OktaModels.swift in Sources */,
				A1920FE122615B2E007D50D2 /* AuthState.swift in Sources */,
				A1920FC922615A97007D50D2 /* OktaAuthStatusSuccess.swift in Sources */,
				A1920F7C225E67A1007D50D2 /* OktaFactorPush.swift in Sources */,
				A1920FD222615AE5007D50D2 /* OktaAPI.swift in Sources */,
				A1920F94225E8478007D50D2 /* OktaFactorOther.swift in Sources */,
				A1920FCC22615A97007D50D2 /* OktaAuthStatusRecovery.swift in Sources */,
			);
			runOnlyForDeploymentPostprocessing = 0;
		};
		FA500E4121C7FCD800444B1D /* Sources */ = {
			isa = PBXSourcesBuildPhase;
			buildActionMask = 2147483647;
			files = (
				2F7C3BBC226DEA3200A62FD4 /* OktaFactorTests.swift in Sources */,
				A1920FE222615B2E007D50D2 /* AuthState.swift in Sources */,
				2F81558D22708395009FA6C5 /* OktaAuthStatus+Mocking.swift in Sources */,
				2F8155A72271F6DC009FA6C5 /* OktaAuthStatePasswordResetTests.swift in Sources */,
				A1E7469D22837E7400C48A28 /* OktaFactorCallTests.swift in Sources */,
				2F81559B2271AD3D009FA6C5 /* OktaAuthStatusFactorEnrollTests.swift in Sources */,
				A151096D2281FD3F009AF8EB /* OktaAuthStatusPasswordWarningTests.swift in Sources */,
				A1920FDF22615B2E007D50D2 /* OktaModels.swift in Sources */,
				A1920FC422615A97007D50D2 /* OktaAuthStatus.swift in Sources */,
				2F32C9DC2295419E003A6768 /* AuthStateTests.swift in Sources */,
				A1920FB522615A97007D50D2 /* OktaAuthStatusResponseHandler.swift in Sources */,
				2F8155A32271EEC1009FA6C5 /* OktaAuthStatusPasswordExpiredTests.swift in Sources */,
				2F7C3BBA226DE40200A62FD4 /* TestResponse.swift in Sources */,
				2F32C9D8229417DA003A6768 /* OktaAuthStatusUnauthenticatedTests.swift in Sources */,
				A1920FD922615AE5007D50D2 /* OktaAPIRequest.swift in Sources */,
				2F7C3BD0226F459C00A62FD4 /* OktaFactorTestCase.swift in Sources */,
				A1920FE522615B2E007D50D2 /* Types.swift in Sources */,
				A1FCB12F220A458F0026F522 /* OktaAPIMock.swift in Sources */,
				A1920F79225E64D0007D50D2 /* OktaFactor.swift in Sources */,
				2F81559D2271AD5B009FA6C5 /* OktaAuthStatusFactorEnrollActivateTests.swift in Sources */,
				A1E7469B228372FC00C48A28 /* OktaFactorTokenTests.swift in Sources */,
				A1920FC722615A97007D50D2 /* OktaAuthStatusFactorChallenge.swift in Sources */,
				A1E746A22283830F00C48A28 /* OktaFactorOtherTests.swift in Sources */,
				A1920FC122615A97007D50D2 /* OktaAuthStatusPasswordWarning.swift in Sources */,
				A1920FA622615A97007D50D2 /* OktaAuthStatusRecoveryChallenge.swift in Sources */,
				2F7C3B7E2268B83400A62FD4 /* OktaFactorPushTests.swift in Sources */,
				A1E746482282359B00C48A28 /* OktaAuthStatusRecoveryTests.swift in Sources */,
				2F7C3B7A2268AF2800A62FD4 /* OktaAPIRequestTests.swift in Sources */,
				A1920FE922615B3B007D50D2 /* OktaFactorCall.swift in Sources */,
				A1920FD622615AE5007D50D2 /* Utils.swift in Sources */,
				A1920F8D225E83E8007D50D2 /* OktaFactorQuestion.swift in Sources */,
				A1920F89225E8224007D50D2 /* OktaFactorTotp.swift in Sources */,
				2F7C3BCB226F40C800A62FD4 /* OktaFactorTotpTests.swift in Sources */,
				2F7C3BC9226F40BA00A62FD4 /* OktaFactorSmsTests.swift in Sources */,
				A1920FAF22615A97007D50D2 /* OktaAuthStatusUnauthenticated.swift in Sources */,
				2F32C9DA229422CF003A6768 /* TypesTests.swift in Sources */,
				2F81558F22708B23009FA6C5 /* OktaAuthStatusResponseHandlerMock.swift in Sources */,
				A1920F95225E8478007D50D2 /* OktaFactorOther.swift in Sources */,
				A183359A2239A86D007C6175 /* OktaError.swift in Sources */,
				A1920FBB22615A97007D50D2 /* OktaAuthStatusFactorEnrollActivate.swift in Sources */,
				A1920FB822615A97007D50D2 /* OktaAuthStatusLockedOut.swift in Sources */,
				2F8155872270638B009FA6C5 /* OktaAuthStatusTests.swift in Sources */,
				2F8155A52271F352009FA6C5 /* OktaAuthStatusLockedOutTests.swift in Sources */,
				A1920FB222615A97007D50D2 /* OktaAuthStatusPasswordExpired.swift in Sources */,
				A1920FCD22615A97007D50D2 /* OktaAuthStatusRecovery.swift in Sources */,
				2F8155912270A983009FA6C5 /* OktaAuthStatusResponseHandlerTests.swift in Sources */,
				2F7C3B782268AF1E00A62FD4 /* OktaModelsTests.swift in Sources */,
				A1920FD322615AE5007D50D2 /* OktaAPI.swift in Sources */,
				A1920FA922615A97007D50D2 /* OktaAuthStatePasswordReset.swift in Sources */,
				A1920F91225E8406007D50D2 /* OktaFactorToken.swift in Sources */,
				2F7C3B792268AF2400A62FD4 /* OktaAPITests.swift in Sources */,
				2F81559F2271AD76009FA6C5 /* OktaAuthStatusFactorRequiredTests.swift in Sources */,
				2F7C3BD3226F540900A62FD4 /* OktaFactor+Mocking.swift in Sources */,
				A1920F81225E81EE007D50D2 /* OktaFactorSms.swift in Sources */,
				A1E746442282050F00C48A28 /* OktaAuthStatusRecoveryChallengeTests.swift in Sources */,
				A1920FCA22615A97007D50D2 /* OktaAuthStatusSuccess.swift in Sources */,
				A172512222E91B82007E460B /* E2ETests.swift in Sources */,
				A1920F7D225E67A1007D50D2 /* OktaFactorPush.swift in Sources */,
				2F8155A12271AD91009FA6C5 /* OktaAuthStatusFactorChallengeTests.swift in Sources */,
				A1920FBE22615A97007D50D2 /* OktaAuthStatusFactorRequired.swift in Sources */,
				A12F4FFA2238311A00DB9147 /* OktaAuthSdk.swift in Sources */,
				A1920FAC22615A97007D50D2 /* OktaAuthStatusFactorEnroll.swift in Sources */,
				2F81558B22707E9C009FA6C5 /* OktaFactorResultProtocolMock.swift in Sources */,
				2F7C3BCE226F421E00A62FD4 /* OktaFactorQuestionTests.swift in Sources */,
			);
			runOnlyForDeploymentPostprocessing = 0;
		};
/* End PBXSourcesBuildPhase section */

/* Begin PBXTargetDependency section */
		FA500E4C21C7FCD800444B1D /* PBXTargetDependency */ = {
			isa = PBXTargetDependency;
			target = FA4ED99A21C1499200A065A1 /* OktaAuthNative iOS */;
			targetProxy = FA500E4B21C7FCD800444B1D /* PBXContainerItemProxy */;
		};
/* End PBXTargetDependency section */

/* Begin XCBuildConfiguration section */
		FA4ED99421C1489900A065A1 /* Debug */ = {
			isa = XCBuildConfiguration;
			buildSettings = {
			};
			name = Debug;
		};
		FA4ED99521C1489900A065A1 /* Release */ = {
			isa = XCBuildConfiguration;
			buildSettings = {
			};
			name = Release;
		};
		FA4ED9A221C1499200A065A1 /* Debug */ = {
			isa = XCBuildConfiguration;
			buildSettings = {
				ALWAYS_SEARCH_USER_PATHS = NO;
				CLANG_ANALYZER_NONNULL = YES;
				CLANG_ANALYZER_NUMBER_OBJECT_CONVERSION = YES_AGGRESSIVE;
				CLANG_CXX_LANGUAGE_STANDARD = "gnu++14";
				CLANG_CXX_LIBRARY = "libc++";
				CLANG_ENABLE_MODULES = YES;
				CLANG_ENABLE_OBJC_ARC = YES;
				CLANG_ENABLE_OBJC_WEAK = YES;
				CLANG_WARN_BLOCK_CAPTURE_AUTORELEASING = YES;
				CLANG_WARN_BOOL_CONVERSION = YES;
				CLANG_WARN_COMMA = YES;
				CLANG_WARN_CONSTANT_CONVERSION = YES;
				CLANG_WARN_DEPRECATED_OBJC_IMPLEMENTATIONS = YES;
				CLANG_WARN_DIRECT_OBJC_ISA_USAGE = YES_ERROR;
				CLANG_WARN_DOCUMENTATION_COMMENTS = YES;
				CLANG_WARN_EMPTY_BODY = YES;
				CLANG_WARN_ENUM_CONVERSION = YES;
				CLANG_WARN_INFINITE_RECURSION = YES;
				CLANG_WARN_INT_CONVERSION = YES;
				CLANG_WARN_NON_LITERAL_NULL_CONVERSION = YES;
				CLANG_WARN_OBJC_IMPLICIT_RETAIN_SELF = YES;
				CLANG_WARN_OBJC_LITERAL_CONVERSION = YES;
				CLANG_WARN_OBJC_ROOT_CLASS = YES_ERROR;
				CLANG_WARN_RANGE_LOOP_ANALYSIS = YES;
				CLANG_WARN_STRICT_PROTOTYPES = YES;
				CLANG_WARN_SUSPICIOUS_MOVE = YES;
				CLANG_WARN_UNGUARDED_AVAILABILITY = YES_AGGRESSIVE;
				CLANG_WARN_UNREACHABLE_CODE = YES;
				CLANG_WARN__DUPLICATE_METHOD_MATCH = YES;
				CODE_SIGN_IDENTITY = "iPhone Developer";
				CODE_SIGN_STYLE = Automatic;
				COPY_PHASE_STRIP = NO;
				CURRENT_PROJECT_VERSION = 1;
				DEBUG_INFORMATION_FORMAT = dwarf;
				DEFINES_MODULE = YES;
				DYLIB_COMPATIBILITY_VERSION = 1;
				DYLIB_CURRENT_VERSION = 1;
				DYLIB_INSTALL_NAME_BASE = "@rpath";
				ENABLE_STRICT_OBJC_MSGSEND = YES;
				ENABLE_TESTABILITY = YES;
				GCC_C_LANGUAGE_STANDARD = gnu11;
				GCC_DYNAMIC_NO_PIC = NO;
				GCC_NO_COMMON_BLOCKS = YES;
				GCC_OPTIMIZATION_LEVEL = 0;
				GCC_PREPROCESSOR_DEFINITIONS = (
					"DEBUG=1",
					"$(inherited)",
				);
				GCC_WARN_64_TO_32_BIT_CONVERSION = YES;
				GCC_WARN_ABOUT_RETURN_TYPE = YES_ERROR;
				GCC_WARN_UNDECLARED_SELECTOR = YES;
				GCC_WARN_UNINITIALIZED_AUTOS = YES_AGGRESSIVE;
				GCC_WARN_UNUSED_FUNCTION = YES;
				GCC_WARN_UNUSED_VARIABLE = YES;
				INFOPLIST_FILE = Source/Info.plist;
				INSTALL_PATH = "$(LOCAL_LIBRARY_DIR)/Frameworks";
				IPHONEOS_DEPLOYMENT_TARGET = 10.0;
				LD_RUNPATH_SEARCH_PATHS = (
					"$(inherited)",
					"@executable_path/Frameworks",
					"@loader_path/Frameworks",
				);
				MTL_ENABLE_DEBUG_INFO = INCLUDE_SOURCE;
				MTL_FAST_MATH = YES;
				ONLY_ACTIVE_ARCH = YES;
				PRODUCT_BUNDLE_IDENTIFIER = "com.okta.auth-swift";
				PRODUCT_NAME = OktaAuthNative;
				SDKROOT = iphoneos;
				SKIP_INSTALL = YES;
				SWIFT_ACTIVE_COMPILATION_CONDITIONS = DEBUG;
				SWIFT_OPTIMIZATION_LEVEL = "-Onone";
				SWIFT_VERSION = 4.2;
				TARGETED_DEVICE_FAMILY = "1,2";
				VERSIONING_SYSTEM = "apple-generic";
				VERSION_INFO_PREFIX = "";
			};
			name = Debug;
		};
		FA4ED9A321C1499200A065A1 /* Release */ = {
			isa = XCBuildConfiguration;
			buildSettings = {
				ALWAYS_SEARCH_USER_PATHS = NO;
				CLANG_ANALYZER_NONNULL = YES;
				CLANG_ANALYZER_NUMBER_OBJECT_CONVERSION = YES_AGGRESSIVE;
				CLANG_CXX_LANGUAGE_STANDARD = "gnu++14";
				CLANG_CXX_LIBRARY = "libc++";
				CLANG_ENABLE_MODULES = YES;
				CLANG_ENABLE_OBJC_ARC = YES;
				CLANG_ENABLE_OBJC_WEAK = YES;
				CLANG_WARN_BLOCK_CAPTURE_AUTORELEASING = YES;
				CLANG_WARN_BOOL_CONVERSION = YES;
				CLANG_WARN_COMMA = YES;
				CLANG_WARN_CONSTANT_CONVERSION = YES;
				CLANG_WARN_DEPRECATED_OBJC_IMPLEMENTATIONS = YES;
				CLANG_WARN_DIRECT_OBJC_ISA_USAGE = YES_ERROR;
				CLANG_WARN_DOCUMENTATION_COMMENTS = YES;
				CLANG_WARN_EMPTY_BODY = YES;
				CLANG_WARN_ENUM_CONVERSION = YES;
				CLANG_WARN_INFINITE_RECURSION = YES;
				CLANG_WARN_INT_CONVERSION = YES;
				CLANG_WARN_NON_LITERAL_NULL_CONVERSION = YES;
				CLANG_WARN_OBJC_IMPLICIT_RETAIN_SELF = YES;
				CLANG_WARN_OBJC_LITERAL_CONVERSION = YES;
				CLANG_WARN_OBJC_ROOT_CLASS = YES_ERROR;
				CLANG_WARN_RANGE_LOOP_ANALYSIS = YES;
				CLANG_WARN_STRICT_PROTOTYPES = YES;
				CLANG_WARN_SUSPICIOUS_MOVE = YES;
				CLANG_WARN_UNGUARDED_AVAILABILITY = YES_AGGRESSIVE;
				CLANG_WARN_UNREACHABLE_CODE = YES;
				CLANG_WARN__DUPLICATE_METHOD_MATCH = YES;
				CODE_SIGN_IDENTITY = "iPhone Developer";
				CODE_SIGN_STYLE = Automatic;
				COPY_PHASE_STRIP = NO;
				CURRENT_PROJECT_VERSION = 1;
				DEBUG_INFORMATION_FORMAT = "dwarf-with-dsym";
				DEFINES_MODULE = YES;
				DYLIB_COMPATIBILITY_VERSION = 1;
				DYLIB_CURRENT_VERSION = 1;
				DYLIB_INSTALL_NAME_BASE = "@rpath";
				ENABLE_NS_ASSERTIONS = NO;
				ENABLE_STRICT_OBJC_MSGSEND = YES;
				GCC_C_LANGUAGE_STANDARD = gnu11;
				GCC_NO_COMMON_BLOCKS = YES;
				GCC_WARN_64_TO_32_BIT_CONVERSION = YES;
				GCC_WARN_ABOUT_RETURN_TYPE = YES_ERROR;
				GCC_WARN_UNDECLARED_SELECTOR = YES;
				GCC_WARN_UNINITIALIZED_AUTOS = YES_AGGRESSIVE;
				GCC_WARN_UNUSED_FUNCTION = YES;
				GCC_WARN_UNUSED_VARIABLE = YES;
				INFOPLIST_FILE = Source/Info.plist;
				INSTALL_PATH = "$(LOCAL_LIBRARY_DIR)/Frameworks";
				IPHONEOS_DEPLOYMENT_TARGET = 10.0;
				LD_RUNPATH_SEARCH_PATHS = (
					"$(inherited)",
					"@executable_path/Frameworks",
					"@loader_path/Frameworks",
				);
				MTL_ENABLE_DEBUG_INFO = NO;
				MTL_FAST_MATH = YES;
				PRODUCT_BUNDLE_IDENTIFIER = "com.okta.auth-swift";
				PRODUCT_NAME = OktaAuthNative;
				SDKROOT = iphoneos;
				SKIP_INSTALL = YES;
				SWIFT_COMPILATION_MODE = wholemodule;
				SWIFT_OPTIMIZATION_LEVEL = "-O";
				SWIFT_VERSION = 4.2;
				TARGETED_DEVICE_FAMILY = "1,2";
				VALIDATE_PRODUCT = YES;
				VERSIONING_SYSTEM = "apple-generic";
				VERSION_INFO_PREFIX = "";
			};
			name = Release;
		};
		FA500E4E21C7FCD800444B1D /* Debug */ = {
			isa = XCBuildConfiguration;
			buildSettings = {
				ALWAYS_SEARCH_USER_PATHS = NO;
				CLANG_ANALYZER_NONNULL = YES;
				CLANG_ANALYZER_NUMBER_OBJECT_CONVERSION = YES_AGGRESSIVE;
				CLANG_CXX_LANGUAGE_STANDARD = "gnu++14";
				CLANG_CXX_LIBRARY = "libc++";
				CLANG_ENABLE_MODULES = YES;
				CLANG_ENABLE_OBJC_ARC = YES;
				CLANG_ENABLE_OBJC_WEAK = YES;
				CLANG_WARN_BLOCK_CAPTURE_AUTORELEASING = YES;
				CLANG_WARN_BOOL_CONVERSION = YES;
				CLANG_WARN_COMMA = YES;
				CLANG_WARN_CONSTANT_CONVERSION = YES;
				CLANG_WARN_DEPRECATED_OBJC_IMPLEMENTATIONS = YES;
				CLANG_WARN_DIRECT_OBJC_ISA_USAGE = YES_ERROR;
				CLANG_WARN_DOCUMENTATION_COMMENTS = YES;
				CLANG_WARN_EMPTY_BODY = YES;
				CLANG_WARN_ENUM_CONVERSION = YES;
				CLANG_WARN_INFINITE_RECURSION = YES;
				CLANG_WARN_INT_CONVERSION = YES;
				CLANG_WARN_NON_LITERAL_NULL_CONVERSION = YES;
				CLANG_WARN_OBJC_IMPLICIT_RETAIN_SELF = YES;
				CLANG_WARN_OBJC_LITERAL_CONVERSION = YES;
				CLANG_WARN_OBJC_ROOT_CLASS = YES_ERROR;
				CLANG_WARN_RANGE_LOOP_ANALYSIS = YES;
				CLANG_WARN_STRICT_PROTOTYPES = YES;
				CLANG_WARN_SUSPICIOUS_MOVE = YES;
				CLANG_WARN_UNGUARDED_AVAILABILITY = YES_AGGRESSIVE;
				CLANG_WARN_UNREACHABLE_CODE = YES;
				CLANG_WARN__DUPLICATE_METHOD_MATCH = YES;
				CODE_SIGN_IDENTITY = "iPhone Developer";
				CODE_SIGN_STYLE = Automatic;
				COPY_PHASE_STRIP = NO;
				DEBUG_INFORMATION_FORMAT = dwarf;
				ENABLE_STRICT_OBJC_MSGSEND = YES;
				ENABLE_TESTABILITY = YES;
				GCC_C_LANGUAGE_STANDARD = gnu11;
				GCC_DYNAMIC_NO_PIC = NO;
				GCC_NO_COMMON_BLOCKS = YES;
				GCC_OPTIMIZATION_LEVEL = 0;
				GCC_PREPROCESSOR_DEFINITIONS = (
					"DEBUG=1",
					"$(inherited)",
				);
				GCC_WARN_64_TO_32_BIT_CONVERSION = YES;
				GCC_WARN_ABOUT_RETURN_TYPE = YES_ERROR;
				GCC_WARN_UNDECLARED_SELECTOR = YES;
				GCC_WARN_UNINITIALIZED_AUTOS = YES_AGGRESSIVE;
				GCC_WARN_UNUSED_FUNCTION = YES;
				GCC_WARN_UNUSED_VARIABLE = YES;
				INFOPLIST_FILE = Tests/Info.plist;
				IPHONEOS_DEPLOYMENT_TARGET = 10.0;
				LD_RUNPATH_SEARCH_PATHS = (
					"$(inherited)",
					"@executable_path/Frameworks",
					"@loader_path/Frameworks",
				);
				MTL_ENABLE_DEBUG_INFO = INCLUDE_SOURCE;
				MTL_FAST_MATH = YES;
				ONLY_ACTIVE_ARCH = YES;
				PRODUCT_BUNDLE_IDENTIFIER = "com.okta.OktaAuth-iOS-Tests";
				PRODUCT_NAME = "$(TARGET_NAME)";
				SDKROOT = iphoneos;
				SWIFT_ACTIVE_COMPILATION_CONDITIONS = DEBUG;
				SWIFT_OPTIMIZATION_LEVEL = "-Onone";
				SWIFT_VERSION = 4.2;
				TARGETED_DEVICE_FAMILY = "1,2";
			};
			name = Debug;
		};
		FA500E4F21C7FCD800444B1D /* Release */ = {
			isa = XCBuildConfiguration;
			buildSettings = {
				ALWAYS_SEARCH_USER_PATHS = NO;
				CLANG_ANALYZER_NONNULL = YES;
				CLANG_ANALYZER_NUMBER_OBJECT_CONVERSION = YES_AGGRESSIVE;
				CLANG_CXX_LANGUAGE_STANDARD = "gnu++14";
				CLANG_CXX_LIBRARY = "libc++";
				CLANG_ENABLE_MODULES = YES;
				CLANG_ENABLE_OBJC_ARC = YES;
				CLANG_ENABLE_OBJC_WEAK = YES;
				CLANG_WARN_BLOCK_CAPTURE_AUTORELEASING = YES;
				CLANG_WARN_BOOL_CONVERSION = YES;
				CLANG_WARN_COMMA = YES;
				CLANG_WARN_CONSTANT_CONVERSION = YES;
				CLANG_WARN_DEPRECATED_OBJC_IMPLEMENTATIONS = YES;
				CLANG_WARN_DIRECT_OBJC_ISA_USAGE = YES_ERROR;
				CLANG_WARN_DOCUMENTATION_COMMENTS = YES;
				CLANG_WARN_EMPTY_BODY = YES;
				CLANG_WARN_ENUM_CONVERSION = YES;
				CLANG_WARN_INFINITE_RECURSION = YES;
				CLANG_WARN_INT_CONVERSION = YES;
				CLANG_WARN_NON_LITERAL_NULL_CONVERSION = YES;
				CLANG_WARN_OBJC_IMPLICIT_RETAIN_SELF = YES;
				CLANG_WARN_OBJC_LITERAL_CONVERSION = YES;
				CLANG_WARN_OBJC_ROOT_CLASS = YES_ERROR;
				CLANG_WARN_RANGE_LOOP_ANALYSIS = YES;
				CLANG_WARN_STRICT_PROTOTYPES = YES;
				CLANG_WARN_SUSPICIOUS_MOVE = YES;
				CLANG_WARN_UNGUARDED_AVAILABILITY = YES_AGGRESSIVE;
				CLANG_WARN_UNREACHABLE_CODE = YES;
				CLANG_WARN__DUPLICATE_METHOD_MATCH = YES;
				CODE_SIGN_IDENTITY = "iPhone Developer";
				CODE_SIGN_STYLE = Automatic;
				COPY_PHASE_STRIP = NO;
				DEBUG_INFORMATION_FORMAT = "dwarf-with-dsym";
				ENABLE_NS_ASSERTIONS = NO;
				ENABLE_STRICT_OBJC_MSGSEND = YES;
				GCC_C_LANGUAGE_STANDARD = gnu11;
				GCC_NO_COMMON_BLOCKS = YES;
				GCC_WARN_64_TO_32_BIT_CONVERSION = YES;
				GCC_WARN_ABOUT_RETURN_TYPE = YES_ERROR;
				GCC_WARN_UNDECLARED_SELECTOR = YES;
				GCC_WARN_UNINITIALIZED_AUTOS = YES_AGGRESSIVE;
				GCC_WARN_UNUSED_FUNCTION = YES;
				GCC_WARN_UNUSED_VARIABLE = YES;
				INFOPLIST_FILE = Tests/Info.plist;
				IPHONEOS_DEPLOYMENT_TARGET = 10.0;
				LD_RUNPATH_SEARCH_PATHS = (
					"$(inherited)",
					"@executable_path/Frameworks",
					"@loader_path/Frameworks",
				);
				MTL_ENABLE_DEBUG_INFO = NO;
				MTL_FAST_MATH = YES;
				PRODUCT_BUNDLE_IDENTIFIER = "com.okta.OktaAuth-iOS-Tests";
				PRODUCT_NAME = "$(TARGET_NAME)";
				SDKROOT = iphoneos;
				SWIFT_COMPILATION_MODE = wholemodule;
				SWIFT_OPTIMIZATION_LEVEL = "-O";
				SWIFT_VERSION = 4.2;
				TARGETED_DEVICE_FAMILY = "1,2";
				VALIDATE_PRODUCT = YES;
			};
			name = Release;
		};
/* End XCBuildConfiguration section */

/* Begin XCConfigurationList section */
		FA4ED99321C1489900A065A1 /* Build configuration list for PBXProject "OktaAuthNative" */ = {
			isa = XCConfigurationList;
			buildConfigurations = (
				FA4ED99421C1489900A065A1 /* Debug */,
				FA4ED99521C1489900A065A1 /* Release */,
			);
			defaultConfigurationIsVisible = 0;
			defaultConfigurationName = Release;
		};
		FA4ED9A121C1499200A065A1 /* Build configuration list for PBXNativeTarget "OktaAuthNative iOS" */ = {
			isa = XCConfigurationList;
			buildConfigurations = (
				FA4ED9A221C1499200A065A1 /* Debug */,
				FA4ED9A321C1499200A065A1 /* Release */,
			);
			defaultConfigurationIsVisible = 0;
			defaultConfigurationName = Release;
		};
		FA500E4D21C7FCD800444B1D /* Build configuration list for PBXNativeTarget "OktaAuthNative iOS Tests" */ = {
			isa = XCConfigurationList;
			buildConfigurations = (
				FA500E4E21C7FCD800444B1D /* Debug */,
				FA500E4F21C7FCD800444B1D /* Release */,
			);
			defaultConfigurationIsVisible = 0;
			defaultConfigurationName = Release;
		};
/* End XCConfigurationList section */
	};
	rootObject = FA4ED99021C1489900A065A1 /* Project object */;
}
